// !$*UTF8*$!
{
	archiveVersion = 1;
	classes = {
	};
	objectVersion = 52;
	objects = {

/* Begin PBXBuildFile section */
		37320E50270E621300C34367 /* Starscream in Frameworks */ = {isa = PBXBuildFile; productRef = 37320E4F270E621300C34367 /* Starscream */; };
		633F73A126F3E1A600474D73 /* Aries.framework in Frameworks */ = {isa = PBXBuildFile; fileRef = 633F739726F3E1A600474D73 /* Aries.framework */; };
		633F73A626F3E1A600474D73 /* AriesTests.swift in Sources */ = {isa = PBXBuildFile; fileRef = 633F73A526F3E1A600474D73 /* AriesTests.swift */; };
		633F73A826F3E1A600474D73 /* Aries.h in Headers */ = {isa = PBXBuildFile; fileRef = 633F739A26F3E1A600474D73 /* Aries.h */; settings = {ATTRIBUTES = (Public, ); }; };
		633F73B626F3E21700474D73 /* Indy.framework in Frameworks */ = {isa = PBXBuildFile; fileRef = 633F73B426F3E20F00474D73 /* Indy.framework */; platformFilter = ios; };
		633F73B726F3E21700474D73 /* Indy.framework in Embed Frameworks */ = {isa = PBXBuildFile; fileRef = 633F73B426F3E20F00474D73 /* Indy.framework */; platformFilter = ios; settings = {ATTRIBUTES = (CodeSignOnCopy, RemoveHeadersOnCopy, ); }; };
		63973A9E2756D3830031DF0F /* IndyRetrievedRecord.swift in Sources */ = {isa = PBXBuildFile; fileRef = 63973A9D2756D3830031DF0F /* IndyRetrievedRecord.swift */; };
		63973AA127580D360031DF0F /* AdminConnectedRecord.swift in Sources */ = {isa = PBXBuildFile; fileRef = 63973AA027580D360031DF0F /* AdminConnectedRecord.swift */; };
		63973AA3275827080031DF0F /* AdminConnectionListRecord.swift in Sources */ = {isa = PBXBuildFile; fileRef = 63973AA2275827080031DF0F /* AdminConnectionListRecord.swift */; };
		63973AA527582BBD0031DF0F /* AdminConnectionPendingRecord.swift in Sources */ = {isa = PBXBuildFile; fileRef = 63973AA427582BBD0031DF0F /* AdminConnectionPendingRecord.swift */; };
		63973AA827592F0B0031DF0F /* AdminCredentialOfferReceivedRecord.swift in Sources */ = {isa = PBXBuildFile; fileRef = 63973AA727592F0B0031DF0F /* AdminCredentialOfferReceivedRecord.swift */; };
		63973AAA275988990031DF0F /* AdminCredentialReceivedRecord.swift in Sources */ = {isa = PBXBuildFile; fileRef = 63973AA9275988990031DF0F /* AdminCredentialReceivedRecord.swift */; };
		63973AAC275989640031DF0F /* AdminCredentialsListReceivedRecord.swift in Sources */ = {isa = PBXBuildFile; fileRef = 63973AAB275989640031DF0F /* AdminCredentialsListReceivedRecord.swift */; };
		8F4094FA2755779F00DAC801 /* Agent.swift in Sources */ = {isa = PBXBuildFile; fileRef = 8F4094F92755779F00DAC801 /* Agent.swift */; };
		8F4094FC275577A300DAC801 /* AriesWallet.swift in Sources */ = {isa = PBXBuildFile; fileRef = 8F4094FB275577A300DAC801 /* AriesWallet.swift */; };
		8F40950C275577DB00DAC801 /* Events.swift in Sources */ = {isa = PBXBuildFile; fileRef = 8F40950B275577DB00DAC801 /* Events.swift */; };
		8FB730AC275578E8001C98EC /* Types.swift in Sources */ = {isa = PBXBuildFile; fileRef = 8F40951F275577DE00DAC801 /* Types.swift */; };
		8FB730AD27557993001C98EC /* MessageSender.swift in Sources */ = {isa = PBXBuildFile; fileRef = 8F40950E275577DE00DAC801 /* MessageSender.swift */; };
		8FB730AE275579A1001C98EC /* BasicMessage.swift in Sources */ = {isa = PBXBuildFile; fileRef = 8F409517275577DE00DAC801 /* BasicMessage.swift */; };
		8FB730AF275579A7001C98EC /* TransportDecorator.swift in Sources */ = {isa = PBXBuildFile; fileRef = 8F409516275577DE00DAC801 /* TransportDecorator.swift */; };
		8FB730B0275579A7001C98EC /* SignatureDecorator.swift in Sources */ = {isa = PBXBuildFile; fileRef = 8F409514275577DE00DAC801 /* SignatureDecorator.swift */; };
		8FB730B1275579A7001C98EC /* ThreadDecorator.swift in Sources */ = {isa = PBXBuildFile; fileRef = 8F409512275577DE00DAC801 /* ThreadDecorator.swift */; };
		8FB730B2275579A7001C98EC /* LocalizationDecorator.swift in Sources */ = {isa = PBXBuildFile; fileRef = 8F409515275577DE00DAC801 /* LocalizationDecorator.swift */; };
		8FB730B3275579A7001C98EC /* PageDecorator.swift in Sources */ = {isa = PBXBuildFile; fileRef = 8F409513275577DE00DAC801 /* PageDecorator.swift */; };
		8FB730B4275579A7001C98EC /* IndyUnpackedMessage.swift in Sources */ = {isa = PBXBuildFile; fileRef = 8F409510275577DE00DAC801 /* IndyUnpackedMessage.swift */; };
		8FB730B5275579A7001C98EC /* TimingDecorator.swift in Sources */ = {isa = PBXBuildFile; fileRef = 8F409511275577DE00DAC801 /* TimingDecorator.swift */; };
		8FB730B6275579AD001C98EC /* MessageReceiver.swift in Sources */ = {isa = PBXBuildFile; fileRef = 8F40951D275577DE00DAC801 /* MessageReceiver.swift */; };
		8FB730B7275579AD001C98EC /* BaseMessage.swift in Sources */ = {isa = PBXBuildFile; fileRef = 8F40951E275577DE00DAC801 /* BaseMessage.swift */; };
		8FB730B9275579B1001C98EC /* TransportService.swift in Sources */ = {isa = PBXBuildFile; fileRef = 8F409519275577DE00DAC801 /* TransportService.swift */; };
		8FB730BA275579B1001C98EC /* WSService.swift in Sources */ = {isa = PBXBuildFile; fileRef = 8F40951B275577DE00DAC801 /* WSService.swift */; };
		8FB730BB275579B1001C98EC /* HTTPService.swift in Sources */ = {isa = PBXBuildFile; fileRef = 8F40951C275577DE00DAC801 /* HTTPService.swift */; };
		8FB730BC275579BC001C98EC /* ConnectionResponseMessage.swift in Sources */ = {isa = PBXBuildFile; fileRef = 8F409500275577D700DAC801 /* ConnectionResponseMessage.swift */; };
		8FB730BD275579BC001C98EC /* Connections.swift in Sources */ = {isa = PBXBuildFile; fileRef = 8F409503275577D700DAC801 /* Connections.swift */; };
		8FB730BE275579BC001C98EC /* ConnectionRecord.swift in Sources */ = {isa = PBXBuildFile; fileRef = 8F409504275577D700DAC801 /* ConnectionRecord.swift */; };
		8FB730BF275579BC001C98EC /* InvitationMessage.swift in Sources */ = {isa = PBXBuildFile; fileRef = 8F409502275577D700DAC801 /* InvitationMessage.swift */; };
		8FB730C0275579BC001C98EC /* TrustPingMessage.swift in Sources */ = {isa = PBXBuildFile; fileRef = 8F409501275577D700DAC801 /* TrustPingMessage.swift */; };
		8FB730C1275579BC001C98EC /* ConnectionRequestMessage.swift in Sources */ = {isa = PBXBuildFile; fileRef = 8F4094FF275577D700DAC801 /* ConnectionRequestMessage.swift */; };
		8FB730C2275579BC001C98EC /* AriesConnection.swift in Sources */ = {isa = PBXBuildFile; fileRef = 8F409505275577D700DAC801 /* AriesConnection.swift */; };
		8FB730C3275579C1001C98EC /* DIDDoc.swift in Sources */ = {isa = PBXBuildFile; fileRef = 8F409509275577D700DAC801 /* DIDDoc.swift */; };
		8FB730C4275579C1001C98EC /* IndyService.swift in Sources */ = {isa = PBXBuildFile; fileRef = 8F409507275577D700DAC801 /* IndyService.swift */; };
		8FB730C5275579C1001C98EC /* PublicKey.swift in Sources */ = {isa = PBXBuildFile; fileRef = 8F409508275577D700DAC801 /* PublicKey.swift */; };
		8FB730C6275579C1001C98EC /* Authentication.swift in Sources */ = {isa = PBXBuildFile; fileRef = 8F40950A275577D700DAC801 /* Authentication.swift */; };
		8FB730C7275579E1001C98EC /* BaseOutboundAdminMessage.swift in Sources */ = {isa = PBXBuildFile; fileRef = 8F4094BE2755779900DAC801 /* BaseOutboundAdminMessage.swift */; };
		8FB730C8275579E1001C98EC /* BaseAdminConfirmationMessage.swift in Sources */ = {isa = PBXBuildFile; fileRef = 8F4094BF2755779900DAC801 /* BaseAdminConfirmationMessage.swift */; };
		8FB730C9275579E4001C98EC /* PresentationRequestApproveMessage.swift in Sources */ = {isa = PBXBuildFile; fileRef = 8F4094C32755779900DAC801 /* PresentationRequestApproveMessage.swift */; };
		8FB730CA275579E4001C98EC /* PresentationExchangeMessage.swift in Sources */ = {isa = PBXBuildFile; fileRef = 8F4094C52755779900DAC801 /* PresentationExchangeMessage.swift */; };
		8FB730CB275579E4001C98EC /* PresentationMatchingCredentialsMessage.swift in Sources */ = {isa = PBXBuildFile; fileRef = 8F4094C92755779900DAC801 /* PresentationMatchingCredentialsMessage.swift */; };
		8FB730CC275579E4001C98EC /* PresentationsListMessage.swift in Sources */ = {isa = PBXBuildFile; fileRef = 8F4094C82755779900DAC801 /* PresentationsListMessage.swift */; };
		8FB730CD275579E4001C98EC /* PresentationsGetListMessage.swift in Sources */ = {isa = PBXBuildFile; fileRef = 8F4094C42755779900DAC801 /* PresentationsGetListMessage.swift */; };
		8FB730CE275579E4001C98EC /* PresentationGetMatchingCredentialsMessage.swift in Sources */ = {isa = PBXBuildFile; fileRef = 8F4094C22755779900DAC801 /* PresentationGetMatchingCredentialsMessage.swift */; };
		8FB730CF275579E4001C98EC /* SendPresentationProposalMessage.swift in Sources */ = {isa = PBXBuildFile; fileRef = 8F4094C62755779900DAC801 /* SendPresentationProposalMessage.swift */; };
		8FB730D0275579E4001C98EC /* PresentationSentMessage.swift in Sources */ = {isa = PBXBuildFile; fileRef = 8F4094C72755779900DAC801 /* PresentationSentMessage.swift */; };
		8FB730D1275579E7001C98EC /* AdminPresentationProposal.swift in Sources */ = {isa = PBXBuildFile; fileRef = 8F4094CB2755779900DAC801 /* AdminPresentationProposal.swift */; };
		8FB730D2275579E7001C98EC /* PresentationRequest.swift in Sources */ = {isa = PBXBuildFile; fileRef = 8F4094CC2755779900DAC801 /* PresentationRequest.swift */; };
		8FB730D3275579E7001C98EC /* PresentationExchange.swift in Sources */ = {isa = PBXBuildFile; fileRef = 8F4094CE2755779900DAC801 /* PresentationExchange.swift */; };
		8FB730D4275579E7001C98EC /* MatchingCredentials.swift in Sources */ = {isa = PBXBuildFile; fileRef = 8F4094CF2755779900DAC801 /* MatchingCredentials.swift */; };
		8FB730D5275579E7001C98EC /* AdminCredentialInfo.swift in Sources */ = {isa = PBXBuildFile; fileRef = 8F4094CD2755779900DAC801 /* AdminCredentialInfo.swift */; };
		8FB730D6275579E9001C98EC /* AdminMatchingCredentialsRecord.swift in Sources */ = {isa = PBXBuildFile; fileRef = 8F4094D12755779900DAC801 /* AdminMatchingCredentialsRecord.swift */; };
		8FB730D7275579EC001C98EC /* Admin.swift in Sources */ = {isa = PBXBuildFile; fileRef = 8F4094D22755779900DAC801 /* Admin.swift */; };
		8FB730D8275579F0001C98EC /* NewBasicMessage.swift in Sources */ = {isa = PBXBuildFile; fileRef = 8F4094D62755779900DAC801 /* NewBasicMessage.swift */; };
		8FB730D9275579F0001C98EC /* DeleteBasicMessage.swift in Sources */ = {isa = PBXBuildFile; fileRef = 8F4094D82755779900DAC801 /* DeleteBasicMessage.swift */; };
		8FB730DA275579F0001C98EC /* SendBasicMessage.swift in Sources */ = {isa = PBXBuildFile; fileRef = 8F4094D72755779900DAC801 /* SendBasicMessage.swift */; };
		8FB730DB275579F0001C98EC /* GetBasicMessage.swift in Sources */ = {isa = PBXBuildFile; fileRef = 8F4094D52755779900DAC801 /* GetBasicMessage.swift */; };
		8FB730DC275579F0001C98EC /* AdminBasicMessage.swift in Sources */ = {isa = PBXBuildFile; fileRef = 8F4094D92755779900DAC801 /* AdminBasicMessage.swift */; };
		8FB730DD275579F0001C98EC /* SentBasicMessage.swift in Sources */ = {isa = PBXBuildFile; fileRef = 8F4094DA2755779900DAC801 /* SentBasicMessage.swift */; };
		8FB730DE275579F0001C98EC /* ReceivedBasicMessages.swift in Sources */ = {isa = PBXBuildFile; fileRef = 8F4094DB2755779900DAC801 /* ReceivedBasicMessages.swift */; };
		8FB730DF275579F0001C98EC /* DeletedBasicMessage.swift in Sources */ = {isa = PBXBuildFile; fileRef = 8F4094DC2755779900DAC801 /* DeletedBasicMessage.swift */; };
		8FB730E0275579F4001C98EC /* ConnectedMessage.swift in Sources */ = {isa = PBXBuildFile; fileRef = 8F4094DF2755779900DAC801 /* ConnectedMessage.swift */; };
		8FB730E1275579F4001C98EC /* GetConnectionListMessage.swift in Sources */ = {isa = PBXBuildFile; fileRef = 8F4094E12755779900DAC801 /* GetConnectionListMessage.swift */; };
		8FB730E2275579F4001C98EC /* DeletedConnectionMessage.swift in Sources */ = {isa = PBXBuildFile; fileRef = 8F4094E42755779900DAC801 /* DeletedConnectionMessage.swift */; };
		8FB730E3275579F4001C98EC /* UpdateConnectionMessage.swift in Sources */ = {isa = PBXBuildFile; fileRef = 8F4094E22755779900DAC801 /* UpdateConnectionMessage.swift */; };
		8FB730E4275579F4001C98EC /* ConnectionMessage.swift in Sources */ = {isa = PBXBuildFile; fileRef = 8F4094E02755779900DAC801 /* ConnectionMessage.swift */; };
		8FB730E5275579F4001C98EC /* DeleteConnectionMessage.swift in Sources */ = {isa = PBXBuildFile; fileRef = 8F4094E32755779900DAC801 /* DeleteConnectionMessage.swift */; };
		8FB730E6275579F4001C98EC /* ReceiveInvitationMessage.swift in Sources */ = {isa = PBXBuildFile; fileRef = 8F4094E52755779900DAC801 /* ReceiveInvitationMessage.swift */; };
		8FB730E7275579F4001C98EC /* ConnectionListMessage.swift in Sources */ = {isa = PBXBuildFile; fileRef = 8F4094E62755779900DAC801 /* ConnectionListMessage.swift */; };
		8FB730E8275579F4001C98EC /* AdminConnection.swift in Sources */ = {isa = PBXBuildFile; fileRef = 8F4094E72755779900DAC801 /* AdminConnection.swift */; };
		8FB730E9275579F7001C98EC /* CredentialExchangeMessage.swift in Sources */ = {isa = PBXBuildFile; fileRef = 8F4094EB2755779900DAC801 /* CredentialExchangeMessage.swift */; };
		8FB730EA275579F7001C98EC /* CredentialOfferAcceptMessage.swift in Sources */ = {isa = PBXBuildFile; fileRef = 8F4094EF2755779900DAC801 /* CredentialOfferAcceptMessage.swift */; };
		8FB730EB275579F7001C98EC /* CredentialsListMessage.swift in Sources */ = {isa = PBXBuildFile; fileRef = 8F4094EE2755779900DAC801 /* CredentialsListMessage.swift */; };
		8FB730EC275579F7001C98EC /* GetCredentialsListMessage.swift in Sources */ = {isa = PBXBuildFile; fileRef = 8F4094F02755779900DAC801 /* GetCredentialsListMessage.swift */; };
		8FB730ED275579F7001C98EC /* SendCredentialProposalMessage.swift in Sources */ = {isa = PBXBuildFile; fileRef = 8F4094F12755779900DAC801 /* SendCredentialProposalMessage.swift */; };
		8FB730EE275579F7001C98EC /* CredentialReceivedMessage.swift in Sources */ = {isa = PBXBuildFile; fileRef = 8F4094EC2755779900DAC801 /* CredentialReceivedMessage.swift */; };
		8FB730EF275579F7001C98EC /* CredentialOfferReceivedMessage.swift in Sources */ = {isa = PBXBuildFile; fileRef = 8F4094EA2755779900DAC801 /* CredentialOfferReceivedMessage.swift */; };
		8FB730F0275579F7001C98EC /* CredentialRequestSentMessage.swift in Sources */ = {isa = PBXBuildFile; fileRef = 8F4094ED2755779900DAC801 /* CredentialRequestSentMessage.swift */; };
		8FB730F1275579FB001C98EC /* AdminCredential.swift in Sources */ = {isa = PBXBuildFile; fileRef = 8F4094F32755779900DAC801 /* AdminCredential.swift */; };
		8FB730F2275579FB001C98EC /* CredentialAttribute.swift in Sources */ = {isa = PBXBuildFile; fileRef = 8F4094F72755779900DAC801 /* CredentialAttribute.swift */; };
		8FB730F3275579FB001C98EC /* CredentialProposal.swift in Sources */ = {isa = PBXBuildFile; fileRef = 8F4094F52755779900DAC801 /* CredentialProposal.swift */; };
		8FB730F4275579FB001C98EC /* CredentialExchangeItem.swift in Sources */ = {isa = PBXBuildFile; fileRef = 8F4094F42755779900DAC801 /* CredentialExchangeItem.swift */; };
		8FB730F5275579FB001C98EC /* CredentialProposalDict.swift in Sources */ = {isa = PBXBuildFile; fileRef = 8F4094F62755779900DAC801 /* CredentialProposalDict.swift */; };
		8FB730F6275579FB001C98EC /* CredentialOffer.swift in Sources */ = {isa = PBXBuildFile; fileRef = 8F4094F82755779900DAC801 /* CredentialOffer.swift */; };
		8FB730F727557AD4001C98EC /* Storage.swift in Sources */ = {isa = PBXBuildFile; fileRef = 8F409521275577E200DAC801 /* Storage.swift */; };
		8FB730F827557AD4001C98EC /* BaseRecord.swift in Sources */ = {isa = PBXBuildFile; fileRef = 8F409522275577E200DAC801 /* BaseRecord.swift */; };
		8FB730F927557ADA001C98EC /* RecordUtils.swift in Sources */ = {isa = PBXBuildFile; fileRef = 8F409524275577E700DAC801 /* RecordUtils.swift */; };
/* End PBXBuildFile section */

/* Begin PBXContainerItemProxy section */
		633F73A226F3E1A600474D73 /* PBXContainerItemProxy */ = {
			isa = PBXContainerItemProxy;
			containerPortal = 633F738E26F3E1A600474D73 /* Project object */;
			proxyType = 1;
			remoteGlobalIDString = 633F739626F3E1A600474D73;
			remoteInfo = Aries;
		};
/* End PBXContainerItemProxy section */

/* Begin PBXCopyFilesBuildPhase section */
		633F73B826F3E21700474D73 /* Embed Frameworks */ = {
			isa = PBXCopyFilesBuildPhase;
			buildActionMask = 2147483647;
			dstPath = "";
			dstSubfolderSpec = 10;
			files = (
				633F73B726F3E21700474D73 /* Indy.framework in Embed Frameworks */,
			);
			name = "Embed Frameworks";
			runOnlyForDeploymentPostprocessing = 0;
		};
/* End PBXCopyFilesBuildPhase section */

/* Begin PBXFileReference section */
		633F739726F3E1A600474D73 /* Aries.framework */ = {isa = PBXFileReference; explicitFileType = wrapper.framework; includeInIndex = 0; path = Aries.framework; sourceTree = BUILT_PRODUCTS_DIR; };
		633F739A26F3E1A600474D73 /* Aries.h */ = {isa = PBXFileReference; lastKnownFileType = sourcecode.c.h; path = Aries.h; sourceTree = "<group>"; };
		633F739B26F3E1A600474D73 /* Info.plist */ = {isa = PBXFileReference; lastKnownFileType = text.plist.xml; path = Info.plist; sourceTree = "<group>"; };
		633F73A026F3E1A600474D73 /* AriesTests.xctest */ = {isa = PBXFileReference; explicitFileType = wrapper.cfbundle; includeInIndex = 0; path = AriesTests.xctest; sourceTree = BUILT_PRODUCTS_DIR; };
		633F73A526F3E1A600474D73 /* AriesTests.swift */ = {isa = PBXFileReference; lastKnownFileType = sourcecode.swift; path = AriesTests.swift; sourceTree = "<group>"; };
		633F73A726F3E1A600474D73 /* Info.plist */ = {isa = PBXFileReference; lastKnownFileType = text.plist.xml; path = Info.plist; sourceTree = "<group>"; };
		633F73B426F3E20F00474D73 /* Indy.framework */ = {isa = PBXFileReference; lastKnownFileType = wrapper.framework; path = Indy.framework; sourceTree = "<group>"; };
		63973A9D2756D3830031DF0F /* IndyRetrievedRecord.swift */ = {isa = PBXFileReference; lastKnownFileType = sourcecode.swift; path = IndyRetrievedRecord.swift; sourceTree = "<group>"; };
		63973AA027580D360031DF0F /* AdminConnectedRecord.swift */ = {isa = PBXFileReference; lastKnownFileType = sourcecode.swift; path = AdminConnectedRecord.swift; sourceTree = "<group>"; };
		63973AA2275827080031DF0F /* AdminConnectionListRecord.swift */ = {isa = PBXFileReference; lastKnownFileType = sourcecode.swift; path = AdminConnectionListRecord.swift; sourceTree = "<group>"; };
		63973AA427582BBD0031DF0F /* AdminConnectionPendingRecord.swift */ = {isa = PBXFileReference; lastKnownFileType = sourcecode.swift; path = AdminConnectionPendingRecord.swift; sourceTree = "<group>"; };
		63973AA727592F0B0031DF0F /* AdminCredentialOfferReceivedRecord.swift */ = {isa = PBXFileReference; lastKnownFileType = sourcecode.swift; path = AdminCredentialOfferReceivedRecord.swift; sourceTree = "<group>"; };
		63973AA9275988990031DF0F /* AdminCredentialReceivedRecord.swift */ = {isa = PBXFileReference; lastKnownFileType = sourcecode.swift; path = AdminCredentialReceivedRecord.swift; sourceTree = "<group>"; };
		63973AAB275989640031DF0F /* AdminCredentialsListReceivedRecord.swift */ = {isa = PBXFileReference; lastKnownFileType = sourcecode.swift; path = AdminCredentialsListReceivedRecord.swift; sourceTree = "<group>"; };
		8F4094BE2755779900DAC801 /* BaseOutboundAdminMessage.swift */ = {isa = PBXFileReference; lastKnownFileType = sourcecode.swift; path = BaseOutboundAdminMessage.swift; sourceTree = "<group>"; };
		8F4094BF2755779900DAC801 /* BaseAdminConfirmationMessage.swift */ = {isa = PBXFileReference; lastKnownFileType = sourcecode.swift; path = BaseAdminConfirmationMessage.swift; sourceTree = "<group>"; };
		8F4094C22755779900DAC801 /* PresentationGetMatchingCredentialsMessage.swift */ = {isa = PBXFileReference; lastKnownFileType = sourcecode.swift; path = PresentationGetMatchingCredentialsMessage.swift; sourceTree = "<group>"; };
		8F4094C32755779900DAC801 /* PresentationRequestApproveMessage.swift */ = {isa = PBXFileReference; lastKnownFileType = sourcecode.swift; path = PresentationRequestApproveMessage.swift; sourceTree = "<group>"; };
		8F4094C42755779900DAC801 /* PresentationsGetListMessage.swift */ = {isa = PBXFileReference; lastKnownFileType = sourcecode.swift; path = PresentationsGetListMessage.swift; sourceTree = "<group>"; };
		8F4094C52755779900DAC801 /* PresentationExchangeMessage.swift */ = {isa = PBXFileReference; lastKnownFileType = sourcecode.swift; path = PresentationExchangeMessage.swift; sourceTree = "<group>"; };
		8F4094C62755779900DAC801 /* SendPresentationProposalMessage.swift */ = {isa = PBXFileReference; lastKnownFileType = sourcecode.swift; path = SendPresentationProposalMessage.swift; sourceTree = "<group>"; };
		8F4094C72755779900DAC801 /* PresentationSentMessage.swift */ = {isa = PBXFileReference; lastKnownFileType = sourcecode.swift; path = PresentationSentMessage.swift; sourceTree = "<group>"; };
		8F4094C82755779900DAC801 /* PresentationsListMessage.swift */ = {isa = PBXFileReference; lastKnownFileType = sourcecode.swift; path = PresentationsListMessage.swift; sourceTree = "<group>"; };
		8F4094C92755779900DAC801 /* PresentationMatchingCredentialsMessage.swift */ = {isa = PBXFileReference; lastKnownFileType = sourcecode.swift; path = PresentationMatchingCredentialsMessage.swift; sourceTree = "<group>"; };
		8F4094CB2755779900DAC801 /* AdminPresentationProposal.swift */ = {isa = PBXFileReference; lastKnownFileType = sourcecode.swift; path = AdminPresentationProposal.swift; sourceTree = "<group>"; };
		8F4094CC2755779900DAC801 /* PresentationRequest.swift */ = {isa = PBXFileReference; lastKnownFileType = sourcecode.swift; path = PresentationRequest.swift; sourceTree = "<group>"; };
		8F4094CD2755779900DAC801 /* AdminCredentialInfo.swift */ = {isa = PBXFileReference; lastKnownFileType = sourcecode.swift; path = AdminCredentialInfo.swift; sourceTree = "<group>"; };
		8F4094CE2755779900DAC801 /* PresentationExchange.swift */ = {isa = PBXFileReference; lastKnownFileType = sourcecode.swift; path = PresentationExchange.swift; sourceTree = "<group>"; };
		8F4094CF2755779900DAC801 /* MatchingCredentials.swift */ = {isa = PBXFileReference; lastKnownFileType = sourcecode.swift; path = MatchingCredentials.swift; sourceTree = "<group>"; };
		8F4094D12755779900DAC801 /* AdminMatchingCredentialsRecord.swift */ = {isa = PBXFileReference; lastKnownFileType = sourcecode.swift; path = AdminMatchingCredentialsRecord.swift; sourceTree = "<group>"; };
		8F4094D22755779900DAC801 /* Admin.swift */ = {isa = PBXFileReference; lastKnownFileType = sourcecode.swift; path = Admin.swift; sourceTree = "<group>"; };
		8F4094D52755779900DAC801 /* GetBasicMessage.swift */ = {isa = PBXFileReference; lastKnownFileType = sourcecode.swift; path = GetBasicMessage.swift; sourceTree = "<group>"; };
		8F4094D62755779900DAC801 /* NewBasicMessage.swift */ = {isa = PBXFileReference; lastKnownFileType = sourcecode.swift; path = NewBasicMessage.swift; sourceTree = "<group>"; };
		8F4094D72755779900DAC801 /* SendBasicMessage.swift */ = {isa = PBXFileReference; lastKnownFileType = sourcecode.swift; path = SendBasicMessage.swift; sourceTree = "<group>"; };
		8F4094D82755779900DAC801 /* DeleteBasicMessage.swift */ = {isa = PBXFileReference; lastKnownFileType = sourcecode.swift; path = DeleteBasicMessage.swift; sourceTree = "<group>"; };
		8F4094D92755779900DAC801 /* AdminBasicMessage.swift */ = {isa = PBXFileReference; lastKnownFileType = sourcecode.swift; path = AdminBasicMessage.swift; sourceTree = "<group>"; };
		8F4094DA2755779900DAC801 /* SentBasicMessage.swift */ = {isa = PBXFileReference; lastKnownFileType = sourcecode.swift; path = SentBasicMessage.swift; sourceTree = "<group>"; };
		8F4094DB2755779900DAC801 /* ReceivedBasicMessages.swift */ = {isa = PBXFileReference; lastKnownFileType = sourcecode.swift; path = ReceivedBasicMessages.swift; sourceTree = "<group>"; };
		8F4094DC2755779900DAC801 /* DeletedBasicMessage.swift */ = {isa = PBXFileReference; lastKnownFileType = sourcecode.swift; path = DeletedBasicMessage.swift; sourceTree = "<group>"; };
		8F4094DF2755779900DAC801 /* ConnectedMessage.swift */ = {isa = PBXFileReference; lastKnownFileType = sourcecode.swift; path = ConnectedMessage.swift; sourceTree = "<group>"; };
		8F4094E02755779900DAC801 /* ConnectionMessage.swift */ = {isa = PBXFileReference; lastKnownFileType = sourcecode.swift; path = ConnectionMessage.swift; sourceTree = "<group>"; };
		8F4094E12755779900DAC801 /* GetConnectionListMessage.swift */ = {isa = PBXFileReference; lastKnownFileType = sourcecode.swift; path = GetConnectionListMessage.swift; sourceTree = "<group>"; };
		8F4094E22755779900DAC801 /* UpdateConnectionMessage.swift */ = {isa = PBXFileReference; lastKnownFileType = sourcecode.swift; path = UpdateConnectionMessage.swift; sourceTree = "<group>"; };
		8F4094E32755779900DAC801 /* DeleteConnectionMessage.swift */ = {isa = PBXFileReference; lastKnownFileType = sourcecode.swift; path = DeleteConnectionMessage.swift; sourceTree = "<group>"; };
		8F4094E42755779900DAC801 /* DeletedConnectionMessage.swift */ = {isa = PBXFileReference; lastKnownFileType = sourcecode.swift; path = DeletedConnectionMessage.swift; sourceTree = "<group>"; };
		8F4094E52755779900DAC801 /* ReceiveInvitationMessage.swift */ = {isa = PBXFileReference; lastKnownFileType = sourcecode.swift; path = ReceiveInvitationMessage.swift; sourceTree = "<group>"; };
		8F4094E62755779900DAC801 /* ConnectionListMessage.swift */ = {isa = PBXFileReference; lastKnownFileType = sourcecode.swift; path = ConnectionListMessage.swift; sourceTree = "<group>"; };
		8F4094E72755779900DAC801 /* AdminConnection.swift */ = {isa = PBXFileReference; lastKnownFileType = sourcecode.swift; path = AdminConnection.swift; sourceTree = "<group>"; };
		8F4094EA2755779900DAC801 /* CredentialOfferReceivedMessage.swift */ = {isa = PBXFileReference; lastKnownFileType = sourcecode.swift; path = CredentialOfferReceivedMessage.swift; sourceTree = "<group>"; };
		8F4094EB2755779900DAC801 /* CredentialExchangeMessage.swift */ = {isa = PBXFileReference; lastKnownFileType = sourcecode.swift; path = CredentialExchangeMessage.swift; sourceTree = "<group>"; };
		8F4094EC2755779900DAC801 /* CredentialReceivedMessage.swift */ = {isa = PBXFileReference; lastKnownFileType = sourcecode.swift; path = CredentialReceivedMessage.swift; sourceTree = "<group>"; };
		8F4094ED2755779900DAC801 /* CredentialRequestSentMessage.swift */ = {isa = PBXFileReference; lastKnownFileType = sourcecode.swift; path = CredentialRequestSentMessage.swift; sourceTree = "<group>"; };
		8F4094EE2755779900DAC801 /* CredentialsListMessage.swift */ = {isa = PBXFileReference; lastKnownFileType = sourcecode.swift; path = CredentialsListMessage.swift; sourceTree = "<group>"; };
		8F4094EF2755779900DAC801 /* CredentialOfferAcceptMessage.swift */ = {isa = PBXFileReference; lastKnownFileType = sourcecode.swift; path = CredentialOfferAcceptMessage.swift; sourceTree = "<group>"; };
		8F4094F02755779900DAC801 /* GetCredentialsListMessage.swift */ = {isa = PBXFileReference; lastKnownFileType = sourcecode.swift; path = GetCredentialsListMessage.swift; sourceTree = "<group>"; };
		8F4094F12755779900DAC801 /* SendCredentialProposalMessage.swift */ = {isa = PBXFileReference; lastKnownFileType = sourcecode.swift; path = SendCredentialProposalMessage.swift; sourceTree = "<group>"; };
		8F4094F32755779900DAC801 /* AdminCredential.swift */ = {isa = PBXFileReference; lastKnownFileType = sourcecode.swift; path = AdminCredential.swift; sourceTree = "<group>"; };
		8F4094F42755779900DAC801 /* CredentialExchangeItem.swift */ = {isa = PBXFileReference; lastKnownFileType = sourcecode.swift; path = CredentialExchangeItem.swift; sourceTree = "<group>"; };
		8F4094F52755779900DAC801 /* CredentialProposal.swift */ = {isa = PBXFileReference; lastKnownFileType = sourcecode.swift; path = CredentialProposal.swift; sourceTree = "<group>"; };
		8F4094F62755779900DAC801 /* CredentialProposalDict.swift */ = {isa = PBXFileReference; lastKnownFileType = sourcecode.swift; path = CredentialProposalDict.swift; sourceTree = "<group>"; };
		8F4094F72755779900DAC801 /* CredentialAttribute.swift */ = {isa = PBXFileReference; lastKnownFileType = sourcecode.swift; path = CredentialAttribute.swift; sourceTree = "<group>"; };
		8F4094F82755779900DAC801 /* CredentialOffer.swift */ = {isa = PBXFileReference; lastKnownFileType = sourcecode.swift; path = CredentialOffer.swift; sourceTree = "<group>"; };
		8F4094F92755779F00DAC801 /* Agent.swift */ = {isa = PBXFileReference; fileEncoding = 4; lastKnownFileType = sourcecode.swift; path = Agent.swift; sourceTree = "<group>"; };
		8F4094FB275577A300DAC801 /* AriesWallet.swift */ = {isa = PBXFileReference; lastKnownFileType = sourcecode.swift; path = AriesWallet.swift; sourceTree = "<group>"; };
		8F4094FF275577D700DAC801 /* ConnectionRequestMessage.swift */ = {isa = PBXFileReference; lastKnownFileType = sourcecode.swift; path = ConnectionRequestMessage.swift; sourceTree = "<group>"; };
		8F409500275577D700DAC801 /* ConnectionResponseMessage.swift */ = {isa = PBXFileReference; lastKnownFileType = sourcecode.swift; path = ConnectionResponseMessage.swift; sourceTree = "<group>"; };
		8F409501275577D700DAC801 /* TrustPingMessage.swift */ = {isa = PBXFileReference; lastKnownFileType = sourcecode.swift; path = TrustPingMessage.swift; sourceTree = "<group>"; };
		8F409502275577D700DAC801 /* InvitationMessage.swift */ = {isa = PBXFileReference; lastKnownFileType = sourcecode.swift; path = InvitationMessage.swift; sourceTree = "<group>"; };
		8F409503275577D700DAC801 /* Connections.swift */ = {isa = PBXFileReference; lastKnownFileType = sourcecode.swift; path = Connections.swift; sourceTree = "<group>"; };
		8F409504275577D700DAC801 /* ConnectionRecord.swift */ = {isa = PBXFileReference; lastKnownFileType = sourcecode.swift; path = ConnectionRecord.swift; sourceTree = "<group>"; };
		8F409505275577D700DAC801 /* AriesConnection.swift */ = {isa = PBXFileReference; lastKnownFileType = sourcecode.swift; path = AriesConnection.swift; sourceTree = "<group>"; };
		8F409507275577D700DAC801 /* IndyService.swift */ = {isa = PBXFileReference; lastKnownFileType = sourcecode.swift; path = IndyService.swift; sourceTree = "<group>"; };
		8F409508275577D700DAC801 /* PublicKey.swift */ = {isa = PBXFileReference; lastKnownFileType = sourcecode.swift; path = PublicKey.swift; sourceTree = "<group>"; };
		8F409509275577D700DAC801 /* DIDDoc.swift */ = {isa = PBXFileReference; lastKnownFileType = sourcecode.swift; path = DIDDoc.swift; sourceTree = "<group>"; };
		8F40950A275577D700DAC801 /* Authentication.swift */ = {isa = PBXFileReference; lastKnownFileType = sourcecode.swift; path = Authentication.swift; sourceTree = "<group>"; };
		8F40950B275577DB00DAC801 /* Events.swift */ = {isa = PBXFileReference; lastKnownFileType = sourcecode.swift; path = Events.swift; sourceTree = "<group>"; };
		8F40950E275577DE00DAC801 /* MessageSender.swift */ = {isa = PBXFileReference; lastKnownFileType = sourcecode.swift; name = MessageSender.swift; path = Aries/Messaging/MessageSender.swift; sourceTree = SOURCE_ROOT; };
		8F409510275577DE00DAC801 /* IndyUnpackedMessage.swift */ = {isa = PBXFileReference; lastKnownFileType = sourcecode.swift; path = IndyUnpackedMessage.swift; sourceTree = "<group>"; };
		8F409511275577DE00DAC801 /* TimingDecorator.swift */ = {isa = PBXFileReference; lastKnownFileType = sourcecode.swift; path = TimingDecorator.swift; sourceTree = "<group>"; };
		8F409512275577DE00DAC801 /* ThreadDecorator.swift */ = {isa = PBXFileReference; lastKnownFileType = sourcecode.swift; path = ThreadDecorator.swift; sourceTree = "<group>"; };
		8F409513275577DE00DAC801 /* PageDecorator.swift */ = {isa = PBXFileReference; lastKnownFileType = sourcecode.swift; path = PageDecorator.swift; sourceTree = "<group>"; };
		8F409514275577DE00DAC801 /* SignatureDecorator.swift */ = {isa = PBXFileReference; lastKnownFileType = sourcecode.swift; path = SignatureDecorator.swift; sourceTree = "<group>"; };
		8F409515275577DE00DAC801 /* LocalizationDecorator.swift */ = {isa = PBXFileReference; lastKnownFileType = sourcecode.swift; path = LocalizationDecorator.swift; sourceTree = "<group>"; };
		8F409516275577DE00DAC801 /* TransportDecorator.swift */ = {isa = PBXFileReference; lastKnownFileType = sourcecode.swift; path = TransportDecorator.swift; sourceTree = "<group>"; };
		8F409517275577DE00DAC801 /* BasicMessage.swift */ = {isa = PBXFileReference; lastKnownFileType = sourcecode.swift; path = BasicMessage.swift; sourceTree = "<group>"; };
		8F409519275577DE00DAC801 /* TransportService.swift */ = {isa = PBXFileReference; lastKnownFileType = sourcecode.swift; path = TransportService.swift; sourceTree = "<group>"; };
		8F40951B275577DE00DAC801 /* WSService.swift */ = {isa = PBXFileReference; lastKnownFileType = sourcecode.swift; path = WSService.swift; sourceTree = "<group>"; };
		8F40951C275577DE00DAC801 /* HTTPService.swift */ = {isa = PBXFileReference; lastKnownFileType = sourcecode.swift; path = HTTPService.swift; sourceTree = "<group>"; };
		8F40951D275577DE00DAC801 /* MessageReceiver.swift */ = {isa = PBXFileReference; lastKnownFileType = sourcecode.swift; path = MessageReceiver.swift; sourceTree = "<group>"; };
		8F40951E275577DE00DAC801 /* BaseMessage.swift */ = {isa = PBXFileReference; lastKnownFileType = sourcecode.swift; path = BaseMessage.swift; sourceTree = "<group>"; };
		8F40951F275577DE00DAC801 /* Types.swift */ = {isa = PBXFileReference; lastKnownFileType = sourcecode.swift; path = Types.swift; sourceTree = "<group>"; };
		8F409521275577E200DAC801 /* Storage.swift */ = {isa = PBXFileReference; lastKnownFileType = sourcecode.swift; path = Storage.swift; sourceTree = "<group>"; };
		8F409522275577E200DAC801 /* BaseRecord.swift */ = {isa = PBXFileReference; lastKnownFileType = sourcecode.swift; path = BaseRecord.swift; sourceTree = "<group>"; };
		8F409524275577E700DAC801 /* RecordUtils.swift */ = {isa = PBXFileReference; lastKnownFileType = sourcecode.swift; path = RecordUtils.swift; sourceTree = "<group>"; };
/* End PBXFileReference section */

/* Begin PBXFrameworksBuildPhase section */
		633F739426F3E1A600474D73 /* Frameworks */ = {
			isa = PBXFrameworksBuildPhase;
			buildActionMask = 2147483647;
			files = (
				633F73B626F3E21700474D73 /* Indy.framework in Frameworks */,
				37320E50270E621300C34367 /* Starscream in Frameworks */,
			);
			runOnlyForDeploymentPostprocessing = 0;
		};
		633F739D26F3E1A600474D73 /* Frameworks */ = {
			isa = PBXFrameworksBuildPhase;
			buildActionMask = 2147483647;
			files = (
				633F73A126F3E1A600474D73 /* Aries.framework in Frameworks */,
			);
			runOnlyForDeploymentPostprocessing = 0;
		};
/* End PBXFrameworksBuildPhase section */

/* Begin PBXGroup section */
		633F738D26F3E1A600474D73 = {
			isa = PBXGroup;
			children = (
				633F739926F3E1A600474D73 /* Aries */,
				633F73A426F3E1A600474D73 /* AriesTests */,
				633F739826F3E1A600474D73 /* Products */,
			);
			sourceTree = "<group>";
		};
		633F739826F3E1A600474D73 /* Products */ = {
			isa = PBXGroup;
			children = (
				633F739726F3E1A600474D73 /* Aries.framework */,
				633F73A026F3E1A600474D73 /* AriesTests.xctest */,
			);
			name = Products;
			sourceTree = "<group>";
		};
		633F739926F3E1A600474D73 /* Aries */ = {
			isa = PBXGroup;
			children = (
				8F40951F275577DE00DAC801 /* Types.swift */,
				8F409523275577E700DAC801 /* Utilities */,
				8F409520275577E200DAC801 /* Storage */,
				8F40950D275577DE00DAC801 /* Messaging */,
				8F40950B275577DB00DAC801 /* Events.swift */,
				8F4094F92755779F00DAC801 /* Agent.swift */,
				8F4094FB275577A300DAC801 /* AriesWallet.swift */,
				8F4094FD275577D600DAC801 /* Connections */,
				8F4094BC2755779900DAC801 /* Admin */,
				633F73B426F3E20F00474D73 /* Indy.framework */,
				633F739A26F3E1A600474D73 /* Aries.h */,
				633F739B26F3E1A600474D73 /* Info.plist */,
			);
			path = Aries;
			sourceTree = "<group>";
		};
		633F73A426F3E1A600474D73 /* AriesTests */ = {
			isa = PBXGroup;
			children = (
				633F73A526F3E1A600474D73 /* AriesTests.swift */,
				633F73A726F3E1A600474D73 /* Info.plist */,
			);
			path = AriesTests;
			sourceTree = "<group>";
		};
		63973A9F27580D190031DF0F /* EventRecords */ = {
			isa = PBXGroup;
			children = (
				63973AA027580D360031DF0F /* AdminConnectedRecord.swift */,
				63973AA2275827080031DF0F /* AdminConnectionListRecord.swift */,
				63973AA427582BBD0031DF0F /* AdminConnectionPendingRecord.swift */,
			);
			path = EventRecords;
			sourceTree = "<group>";
		};
		63973AA627592EDF0031DF0F /* Records */ = {
			isa = PBXGroup;
			children = (
				63973AA9275988990031DF0F /* AdminCredentialReceivedRecord.swift */,
				63973AAB275989640031DF0F /* AdminCredentialsListReceivedRecord.swift */,
				63973AA727592F0B0031DF0F /* AdminCredentialOfferReceivedRecord.swift */,
			);
			path = Records;
			sourceTree = "<group>";
		};
		8F4094BC2755779900DAC801 /* Admin */ = {
			isa = PBXGroup;
			children = (
				8F4094BD2755779900DAC801 /* Messages */,
				8F4094C02755779900DAC801 /* Proofs */,
				8F4094D22755779900DAC801 /* Admin.swift */,
				8F4094D32755779900DAC801 /* basicMessaging */,
				8F4094DD2755779900DAC801 /* Connections */,
				8F4094E82755779900DAC801 /* Credentials */,
			);
			path = Admin;
			sourceTree = "<group>";
		};
		8F4094BD2755779900DAC801 /* Messages */ = {
			isa = PBXGroup;
			children = (
				8F4094BE2755779900DAC801 /* BaseOutboundAdminMessage.swift */,
				8F4094BF2755779900DAC801 /* BaseAdminConfirmationMessage.swift */,
			);
			path = Messages;
			sourceTree = "<group>";
		};
		8F4094C02755779900DAC801 /* Proofs */ = {
			isa = PBXGroup;
			children = (
				8F4094C12755779900DAC801 /* Messages */,
				8F4094CA2755779900DAC801 /* ProofObjects */,
				8F4094D02755779900DAC801 /* EventRecords */,
			);
			path = Proofs;
			sourceTree = "<group>";
		};
		8F4094C12755779900DAC801 /* Messages */ = {
			isa = PBXGroup;
			children = (
				8F4094C22755779900DAC801 /* PresentationGetMatchingCredentialsMessage.swift */,
				8F4094C32755779900DAC801 /* PresentationRequestApproveMessage.swift */,
				8F4094C42755779900DAC801 /* PresentationsGetListMessage.swift */,
				8F4094C52755779900DAC801 /* PresentationExchangeMessage.swift */,
				8F4094C62755779900DAC801 /* SendPresentationProposalMessage.swift */,
				8F4094C72755779900DAC801 /* PresentationSentMessage.swift */,
				8F4094C82755779900DAC801 /* PresentationsListMessage.swift */,
				8F4094C92755779900DAC801 /* PresentationMatchingCredentialsMessage.swift */,
			);
			path = Messages;
			sourceTree = "<group>";
		};
		8F4094CA2755779900DAC801 /* ProofObjects */ = {
			isa = PBXGroup;
			children = (
				8F4094CB2755779900DAC801 /* AdminPresentationProposal.swift */,
				8F4094CC2755779900DAC801 /* PresentationRequest.swift */,
				8F4094CD2755779900DAC801 /* AdminCredentialInfo.swift */,
				8F4094CE2755779900DAC801 /* PresentationExchange.swift */,
				8F4094CF2755779900DAC801 /* MatchingCredentials.swift */,
			);
			path = ProofObjects;
			sourceTree = "<group>";
		};
		8F4094D02755779900DAC801 /* EventRecords */ = {
			isa = PBXGroup;
			children = (
				8F4094D12755779900DAC801 /* AdminMatchingCredentialsRecord.swift */,
			);
			path = EventRecords;
			sourceTree = "<group>";
		};
		8F4094D32755779900DAC801 /* basicMessaging */ = {
			isa = PBXGroup;
			children = (
				8F4094D42755779900DAC801 /* Messages */,
			);
			path = basicMessaging;
			sourceTree = "<group>";
		};
		8F4094D42755779900DAC801 /* Messages */ = {
			isa = PBXGroup;
			children = (
				8F4094D52755779900DAC801 /* GetBasicMessage.swift */,
				8F4094D62755779900DAC801 /* NewBasicMessage.swift */,
				8F4094D72755779900DAC801 /* SendBasicMessage.swift */,
				8F4094D82755779900DAC801 /* DeleteBasicMessage.swift */,
				8F4094D92755779900DAC801 /* AdminBasicMessage.swift */,
				8F4094DA2755779900DAC801 /* SentBasicMessage.swift */,
				8F4094DB2755779900DAC801 /* ReceivedBasicMessages.swift */,
				8F4094DC2755779900DAC801 /* DeletedBasicMessage.swift */,
			);
			path = Messages;
			sourceTree = "<group>";
		};
		8F4094DD2755779900DAC801 /* Connections */ = {
			isa = PBXGroup;
			children = (
				8F4094DE2755779900DAC801 /* Messages */,
				8F4094E72755779900DAC801 /* AdminConnection.swift */,
			);
			path = Connections;
			sourceTree = "<group>";
		};
		8F4094DE2755779900DAC801 /* Messages */ = {
			isa = PBXGroup;
			children = (
				8F4094DF2755779900DAC801 /* ConnectedMessage.swift */,
				8F4094E02755779900DAC801 /* ConnectionMessage.swift */,
				8F4094E12755779900DAC801 /* GetConnectionListMessage.swift */,
				8F4094E22755779900DAC801 /* UpdateConnectionMessage.swift */,
				8F4094E32755779900DAC801 /* DeleteConnectionMessage.swift */,
				8F4094E42755779900DAC801 /* DeletedConnectionMessage.swift */,
				8F4094E52755779900DAC801 /* ReceiveInvitationMessage.swift */,
				8F4094E62755779900DAC801 /* ConnectionListMessage.swift */,
			);
			path = Messages;
			sourceTree = "<group>";
		};
		8F4094E82755779900DAC801 /* Credentials */ = {
			isa = PBXGroup;
			children = (
				63973AA627592EDF0031DF0F /* Records */,
				8F4094E92755779900DAC801 /* Messages */,
				8F4094F22755779900DAC801 /* OfferObjects */,
			);
			path = Credentials;
			sourceTree = "<group>";
		};
		8F4094E92755779900DAC801 /* Messages */ = {
			isa = PBXGroup;
			children = (
				8F4094EA2755779900DAC801 /* CredentialOfferReceivedMessage.swift */,
				8F4094EB2755779900DAC801 /* CredentialExchangeMessage.swift */,
				8F4094EC2755779900DAC801 /* CredentialReceivedMessage.swift */,
				8F4094ED2755779900DAC801 /* CredentialRequestSentMessage.swift */,
				8F4094EE2755779900DAC801 /* CredentialsListMessage.swift */,
				8F4094EF2755779900DAC801 /* CredentialOfferAcceptMessage.swift */,
				8F4094F02755779900DAC801 /* GetCredentialsListMessage.swift */,
				8F4094F12755779900DAC801 /* SendCredentialProposalMessage.swift */,
			);
			path = Messages;
			sourceTree = "<group>";
		};
		8F4094F22755779900DAC801 /* OfferObjects */ = {
			isa = PBXGroup;
			children = (
				8F4094F32755779900DAC801 /* AdminCredential.swift */,
				8F4094F42755779900DAC801 /* CredentialExchangeItem.swift */,
				8F4094F52755779900DAC801 /* CredentialProposal.swift */,
				8F4094F62755779900DAC801 /* CredentialProposalDict.swift */,
				8F4094F72755779900DAC801 /* CredentialAttribute.swift */,
				8F4094F82755779900DAC801 /* CredentialOffer.swift */,
			);
			path = OfferObjects;
			sourceTree = "<group>";
		};
		8F4094FD275577D600DAC801 /* Connections */ = {
			isa = PBXGroup;
			children = (
				63973A9F27580D190031DF0F /* EventRecords */,
				8F4094FE275577D700DAC801 /* Messages */,
				8F409503275577D700DAC801 /* Connections.swift */,
				8F409504275577D700DAC801 /* ConnectionRecord.swift */,
				8F409505275577D700DAC801 /* AriesConnection.swift */,
				8F409506275577D700DAC801 /* DIDDoc */,
			);
			path = Connections;
			sourceTree = "<group>";
		};
		8F4094FE275577D700DAC801 /* Messages */ = {
			isa = PBXGroup;
			children = (
				8F4094FF275577D700DAC801 /* ConnectionRequestMessage.swift */,
				8F409500275577D700DAC801 /* ConnectionResponseMessage.swift */,
				8F409501275577D700DAC801 /* TrustPingMessage.swift */,
				8F409502275577D700DAC801 /* InvitationMessage.swift */,
			);
			path = Messages;
			sourceTree = "<group>";
		};
		8F409506275577D700DAC801 /* DIDDoc */ = {
			isa = PBXGroup;
			children = (
				8F409507275577D700DAC801 /* IndyService.swift */,
				8F409508275577D700DAC801 /* PublicKey.swift */,
				8F409509275577D700DAC801 /* DIDDoc.swift */,
				8F40950A275577D700DAC801 /* Authentication.swift */,
			);
			path = DIDDoc;
			sourceTree = "<group>";
		};
		8F40950D275577DE00DAC801 /* Messaging */ = {
			isa = PBXGroup;
			children = (
				8F409510275577DE00DAC801 /* IndyUnpackedMessage.swift */,
				8F40950E275577DE00DAC801 /* MessageSender.swift */,
				8F40950F275577DE00DAC801 /* Decorators */,
				8F409517275577DE00DAC801 /* BasicMessage.swift */,
				8F409518275577DE00DAC801 /* Transports */,
				8F40951D275577DE00DAC801 /* MessageReceiver.swift */,
				8F40951E275577DE00DAC801 /* BaseMessage.swift */,
			);
			path = Messaging;
			sourceTree = "<group>";
		};
		8F40950F275577DE00DAC801 /* Decorators */ = {
			isa = PBXGroup;
			children = (
				8F409511275577DE00DAC801 /* TimingDecorator.swift */,
				8F409512275577DE00DAC801 /* ThreadDecorator.swift */,
				8F409513275577DE00DAC801 /* PageDecorator.swift */,
				8F409514275577DE00DAC801 /* SignatureDecorator.swift */,
				8F409515275577DE00DAC801 /* LocalizationDecorator.swift */,
				8F409516275577DE00DAC801 /* TransportDecorator.swift */,
			);
			path = Decorators;
			sourceTree = "<group>";
		};
		8F409518275577DE00DAC801 /* Transports */ = {
			isa = PBXGroup;
			children = (
				8F409519275577DE00DAC801 /* TransportService.swift */,
				8F40951B275577DE00DAC801 /* WSService.swift */,
				8F40951C275577DE00DAC801 /* HTTPService.swift */,
			);
			path = Transports;
			sourceTree = "<group>";
		};
		8F409520275577E200DAC801 /* Storage */ = {
			isa = PBXGroup;
			children = (
				8F409521275577E200DAC801 /* Storage.swift */,
				8F409522275577E200DAC801 /* BaseRecord.swift */,
				63973A9D2756D3830031DF0F /* IndyRetrievedRecord.swift */,
			);
			path = Storage;
			sourceTree = "<group>";
		};
		8F409523275577E700DAC801 /* Utilities */ = {
			isa = PBXGroup;
			children = (
				8F409524275577E700DAC801 /* RecordUtils.swift */,
			);
			path = Utilities;
			sourceTree = "<group>";
		};
/* End PBXGroup section */

/* Begin PBXHeadersBuildPhase section */
		633F739226F3E1A600474D73 /* Headers */ = {
			isa = PBXHeadersBuildPhase;
			buildActionMask = 2147483647;
			files = (
				633F73A826F3E1A600474D73 /* Aries.h in Headers */,
			);
			runOnlyForDeploymentPostprocessing = 0;
		};
/* End PBXHeadersBuildPhase section */

/* Begin PBXNativeTarget section */
		633F739626F3E1A600474D73 /* Aries */ = {
			isa = PBXNativeTarget;
			buildConfigurationList = 633F73AB26F3E1A600474D73 /* Build configuration list for PBXNativeTarget "Aries" */;
			buildPhases = (
				633F739226F3E1A600474D73 /* Headers */,
				633F739326F3E1A600474D73 /* Sources */,
				633F739426F3E1A600474D73 /* Frameworks */,
				633F739526F3E1A600474D73 /* Resources */,
				633F73B826F3E21700474D73 /* Embed Frameworks */,
			);
			buildRules = (
			);
			dependencies = (
			);
			name = Aries;
			packageProductDependencies = (
				37320E4F270E621300C34367 /* Starscream */,
			);
			productName = Aries;
			productReference = 633F739726F3E1A600474D73 /* Aries.framework */;
			productType = "com.apple.product-type.framework";
		};
		633F739F26F3E1A600474D73 /* AriesTests */ = {
			isa = PBXNativeTarget;
			buildConfigurationList = 633F73AE26F3E1A600474D73 /* Build configuration list for PBXNativeTarget "AriesTests" */;
			buildPhases = (
				633F739C26F3E1A600474D73 /* Sources */,
				633F739D26F3E1A600474D73 /* Frameworks */,
				633F739E26F3E1A600474D73 /* Resources */,
			);
			buildRules = (
			);
			dependencies = (
				633F73A326F3E1A600474D73 /* PBXTargetDependency */,
			);
			name = AriesTests;
			productName = AriesTests;
			productReference = 633F73A026F3E1A600474D73 /* AriesTests.xctest */;
			productType = "com.apple.product-type.bundle.unit-test";
		};
/* End PBXNativeTarget section */

/* Begin PBXProject section */
		633F738E26F3E1A600474D73 /* Project object */ = {
			isa = PBXProject;
			attributes = {
				LastSwiftUpdateCheck = 1250;
				LastUpgradeCheck = 1250;
				TargetAttributes = {
					633F739626F3E1A600474D73 = {
						CreatedOnToolsVersion = 12.5.1;
						LastSwiftMigration = 1310;
					};
					633F739F26F3E1A600474D73 = {
						CreatedOnToolsVersion = 12.5.1;
					};
				};
			};
			buildConfigurationList = 633F739126F3E1A600474D73 /* Build configuration list for PBXProject "Aries" */;
			compatibilityVersion = "Xcode 9.3";
			developmentRegion = en;
			hasScannedForEncodings = 0;
			knownRegions = (
				en,
				Base,
			);
			mainGroup = 633F738D26F3E1A600474D73;
			packageReferences = (
				37320E4E270E621300C34367 /* XCRemoteSwiftPackageReference "Starscream" */,
			);
			productRefGroup = 633F739826F3E1A600474D73 /* Products */;
			projectDirPath = "";
			projectRoot = "";
			targets = (
				633F739626F3E1A600474D73 /* Aries */,
				633F739F26F3E1A600474D73 /* AriesTests */,
			);
		};
/* End PBXProject section */

/* Begin PBXResourcesBuildPhase section */
		633F739526F3E1A600474D73 /* Resources */ = {
			isa = PBXResourcesBuildPhase;
			buildActionMask = 2147483647;
			files = (
			);
			runOnlyForDeploymentPostprocessing = 0;
		};
		633F739E26F3E1A600474D73 /* Resources */ = {
			isa = PBXResourcesBuildPhase;
			buildActionMask = 2147483647;
			files = (
			);
			runOnlyForDeploymentPostprocessing = 0;
		};
/* End PBXResourcesBuildPhase section */

/* Begin PBXSourcesBuildPhase section */
		633F739326F3E1A600474D73 /* Sources */ = {
			isa = PBXSourcesBuildPhase;
			buildActionMask = 2147483647;
			files = (
				8FB730F0275579F7001C98EC /* CredentialRequestSentMessage.swift in Sources */,
				8FB730B5275579A7001C98EC /* TimingDecorator.swift in Sources */,
				8FB730B0275579A7001C98EC /* SignatureDecorator.swift in Sources */,
				8FB730D6275579E9001C98EC /* AdminMatchingCredentialsRecord.swift in Sources */,
				8FB730BC275579BC001C98EC /* ConnectionResponseMessage.swift in Sources */,
				8FB730EF275579F7001C98EC /* CredentialOfferReceivedMessage.swift in Sources */,
				8F40950C275577DB00DAC801 /* Events.swift in Sources */,
				8FB730CE275579E4001C98EC /* PresentationGetMatchingCredentialsMessage.swift in Sources */,
				8FB730B7275579AD001C98EC /* BaseMessage.swift in Sources */,
				8FB730D7275579EC001C98EC /* Admin.swift in Sources */,
				8F4094FA2755779F00DAC801 /* Agent.swift in Sources */,
				8FB730EC275579F7001C98EC /* GetCredentialsListMessage.swift in Sources */,
				8FB730F4275579FB001C98EC /* CredentialExchangeItem.swift in Sources */,
				8FB730C0275579BC001C98EC /* TrustPingMessage.swift in Sources */,
				8FB730CF275579E4001C98EC /* SendPresentationProposalMessage.swift in Sources */,
				8FB730F1275579FB001C98EC /* AdminCredential.swift in Sources */,
				8FB730AF275579A7001C98EC /* TransportDecorator.swift in Sources */,
				8FB730D1275579E7001C98EC /* AdminPresentationProposal.swift in Sources */,
				8FB730D9275579F0001C98EC /* DeleteBasicMessage.swift in Sources */,
				8FB730F3275579FB001C98EC /* CredentialProposal.swift in Sources */,
				8FB730E6275579F4001C98EC /* ReceiveInvitationMessage.swift in Sources */,
				8FB730DA275579F0001C98EC /* SendBasicMessage.swift in Sources */,
				8FB730BB275579B1001C98EC /* HTTPService.swift in Sources */,
				8FB730EB275579F7001C98EC /* CredentialsListMessage.swift in Sources */,
				8FB730EA275579F7001C98EC /* CredentialOfferAcceptMessage.swift in Sources */,
				8FB730F727557AD4001C98EC /* Storage.swift in Sources */,
				8FB730D0275579E4001C98EC /* PresentationSentMessage.swift in Sources */,
				8FB730E7275579F4001C98EC /* ConnectionListMessage.swift in Sources */,
				8FB730B9275579B1001C98EC /* TransportService.swift in Sources */,
				8FB730B4275579A7001C98EC /* IndyUnpackedMessage.swift in Sources */,
				8FB730D8275579F0001C98EC /* NewBasicMessage.swift in Sources */,
				8FB730CD275579E4001C98EC /* PresentationsGetListMessage.swift in Sources */,
				63973AA127580D360031DF0F /* AdminConnectedRecord.swift in Sources */,
				8FB730C8275579E1001C98EC /* BaseAdminConfirmationMessage.swift in Sources */,
				63973AA527582BBD0031DF0F /* AdminConnectionPendingRecord.swift in Sources */,
				8FB730E1275579F4001C98EC /* GetConnectionListMessage.swift in Sources */,
				8FB730DF275579F0001C98EC /* DeletedBasicMessage.swift in Sources */,
				8FB730CA275579E4001C98EC /* PresentationExchangeMessage.swift in Sources */,
				8FB730CC275579E4001C98EC /* PresentationsListMessage.swift in Sources */,
				8FB730F827557AD4001C98EC /* BaseRecord.swift in Sources */,
				8FB730DD275579F0001C98EC /* SentBasicMessage.swift in Sources */,
				8FB730AD27557993001C98EC /* MessageSender.swift in Sources */,
				8FB730EE275579F7001C98EC /* CredentialReceivedMessage.swift in Sources */,
				8FB730C1275579BC001C98EC /* ConnectionRequestMessage.swift in Sources */,
				63973AA827592F0B0031DF0F /* AdminCredentialOfferReceivedRecord.swift in Sources */,
				8FB730F5275579FB001C98EC /* CredentialProposalDict.swift in Sources */,
				8FB730F6275579FB001C98EC /* CredentialOffer.swift in Sources */,
				63973AA3275827080031DF0F /* AdminConnectionListRecord.swift in Sources */,
				8FB730C4275579C1001C98EC /* IndyService.swift in Sources */,
				8FB730E9275579F7001C98EC /* CredentialExchangeMessage.swift in Sources */,
				8F4094FC275577A300DAC801 /* AriesWallet.swift in Sources */,
				8FB730E5275579F4001C98EC /* DeleteConnectionMessage.swift in Sources */,
				8FB730C2275579BC001C98EC /* AriesConnection.swift in Sources */,
				8FB730B2275579A7001C98EC /* LocalizationDecorator.swift in Sources */,
				8FB730D4275579E7001C98EC /* MatchingCredentials.swift in Sources */,
				63973AAC275989640031DF0F /* AdminCredentialsListReceivedRecord.swift in Sources */,
				8FB730E0275579F4001C98EC /* ConnectedMessage.swift in Sources */,
				8FB730CB275579E4001C98EC /* PresentationMatchingCredentialsMessage.swift in Sources */,
				8FB730C3275579C1001C98EC /* DIDDoc.swift in Sources */,
				8FB730C7275579E1001C98EC /* BaseOutboundAdminMessage.swift in Sources */,
				8FB730E8275579F4001C98EC /* AdminConnection.swift in Sources */,
				8FB730D5275579E7001C98EC /* AdminCredentialInfo.swift in Sources */,
				8FB730BA275579B1001C98EC /* WSService.swift in Sources */,
				8FB730AE275579A1001C98EC /* BasicMessage.swift in Sources */,
				8FB730DC275579F0001C98EC /* AdminBasicMessage.swift in Sources */,
				8FB730C5275579C1001C98EC /* PublicKey.swift in Sources */,
				8FB730BD275579BC001C98EC /* Connections.swift in Sources */,
				8FB730D2275579E7001C98EC /* PresentationRequest.swift in Sources */,
				8FB730C6275579C1001C98EC /* Authentication.swift in Sources */,
				8FB730B6275579AD001C98EC /* MessageReceiver.swift in Sources */,
				8FB730D3275579E7001C98EC /* PresentationExchange.swift in Sources */,
				8FB730F2275579FB001C98EC /* CredentialAttribute.swift in Sources */,
				8FB730BF275579BC001C98EC /* InvitationMessage.swift in Sources */,
				8FB730DB275579F0001C98EC /* GetBasicMessage.swift in Sources */,
				8FB730F927557ADA001C98EC /* RecordUtils.swift in Sources */,
				8FB730E4275579F4001C98EC /* ConnectionMessage.swift in Sources */,
				8FB730BE275579BC001C98EC /* ConnectionRecord.swift in Sources */,
				8FB730DE275579F0001C98EC /* ReceivedBasicMessages.swift in Sources */,
				8FB730B3275579A7001C98EC /* PageDecorator.swift in Sources */,
				8FB730AC275578E8001C98EC /* Types.swift in Sources */,
				8FB730E3275579F4001C98EC /* UpdateConnectionMessage.swift in Sources */,
				8FB730ED275579F7001C98EC /* SendCredentialProposalMessage.swift in Sources */,
				63973A9E2756D3830031DF0F /* IndyRetrievedRecord.swift in Sources */,
				8FB730B1275579A7001C98EC /* ThreadDecorator.swift in Sources */,
				8FB730C9275579E4001C98EC /* PresentationRequestApproveMessage.swift in Sources */,
				63973AAA275988990031DF0F /* AdminCredentialReceivedRecord.swift in Sources */,
				8FB730E2275579F4001C98EC /* DeletedConnectionMessage.swift in Sources */,
			);
			runOnlyForDeploymentPostprocessing = 0;
		};
		633F739C26F3E1A600474D73 /* Sources */ = {
			isa = PBXSourcesBuildPhase;
			buildActionMask = 2147483647;
			files = (
				633F73A626F3E1A600474D73 /* AriesTests.swift in Sources */,
			);
			runOnlyForDeploymentPostprocessing = 0;
		};
/* End PBXSourcesBuildPhase section */

/* Begin PBXTargetDependency section */
		633F73A326F3E1A600474D73 /* PBXTargetDependency */ = {
			isa = PBXTargetDependency;
			target = 633F739626F3E1A600474D73 /* Aries */;
			targetProxy = 633F73A226F3E1A600474D73 /* PBXContainerItemProxy */;
		};
/* End PBXTargetDependency section */

/* Begin XCBuildConfiguration section */
		633F73A926F3E1A600474D73 /* Debug */ = {
			isa = XCBuildConfiguration;
			buildSettings = {
				ALWAYS_SEARCH_USER_PATHS = NO;
				CLANG_ANALYZER_NONNULL = YES;
				CLANG_ANALYZER_NUMBER_OBJECT_CONVERSION = YES_AGGRESSIVE;
				CLANG_CXX_LANGUAGE_STANDARD = "gnu++14";
				CLANG_CXX_LIBRARY = "libc++";
				CLANG_ENABLE_MODULES = YES;
				CLANG_ENABLE_OBJC_ARC = YES;
				CLANG_ENABLE_OBJC_WEAK = YES;
				CLANG_WARN_BLOCK_CAPTURE_AUTORELEASING = YES;
				CLANG_WARN_BOOL_CONVERSION = YES;
				CLANG_WARN_COMMA = YES;
				CLANG_WARN_CONSTANT_CONVERSION = YES;
				CLANG_WARN_DEPRECATED_OBJC_IMPLEMENTATIONS = YES;
				CLANG_WARN_DIRECT_OBJC_ISA_USAGE = YES_ERROR;
				CLANG_WARN_DOCUMENTATION_COMMENTS = YES;
				CLANG_WARN_EMPTY_BODY = YES;
				CLANG_WARN_ENUM_CONVERSION = YES;
				CLANG_WARN_INFINITE_RECURSION = YES;
				CLANG_WARN_INT_CONVERSION = YES;
				CLANG_WARN_NON_LITERAL_NULL_CONVERSION = YES;
				CLANG_WARN_OBJC_IMPLICIT_RETAIN_SELF = YES;
				CLANG_WARN_OBJC_LITERAL_CONVERSION = YES;
				CLANG_WARN_OBJC_ROOT_CLASS = YES_ERROR;
				CLANG_WARN_QUOTED_INCLUDE_IN_FRAMEWORK_HEADER = YES;
				CLANG_WARN_RANGE_LOOP_ANALYSIS = YES;
				CLANG_WARN_STRICT_PROTOTYPES = YES;
				CLANG_WARN_SUSPICIOUS_MOVE = YES;
				CLANG_WARN_UNGUARDED_AVAILABILITY = YES_AGGRESSIVE;
				CLANG_WARN_UNREACHABLE_CODE = YES;
				CLANG_WARN__DUPLICATE_METHOD_MATCH = YES;
				COPY_PHASE_STRIP = NO;
				CURRENT_PROJECT_VERSION = 1;
				DEBUG_INFORMATION_FORMAT = dwarf;
				ENABLE_STRICT_OBJC_MSGSEND = YES;
				ENABLE_TESTABILITY = YES;
				GCC_C_LANGUAGE_STANDARD = gnu11;
				GCC_DYNAMIC_NO_PIC = NO;
				GCC_NO_COMMON_BLOCKS = YES;
				GCC_OPTIMIZATION_LEVEL = 0;
				GCC_PREPROCESSOR_DEFINITIONS = (
					"DEBUG=1",
					"$(inherited)",
				);
				GCC_WARN_64_TO_32_BIT_CONVERSION = YES;
				GCC_WARN_ABOUT_RETURN_TYPE = YES_ERROR;
				GCC_WARN_UNDECLARED_SELECTOR = YES;
				GCC_WARN_UNINITIALIZED_AUTOS = YES_AGGRESSIVE;
				GCC_WARN_UNUSED_FUNCTION = YES;
				GCC_WARN_UNUSED_VARIABLE = YES;
				IPHONEOS_DEPLOYMENT_TARGET = 14.5;
				MTL_ENABLE_DEBUG_INFO = INCLUDE_SOURCE;
				MTL_FAST_MATH = YES;
				ONLY_ACTIVE_ARCH = YES;
				SDKROOT = iphoneos;
				SWIFT_ACTIVE_COMPILATION_CONDITIONS = DEBUG;
				SWIFT_OPTIMIZATION_LEVEL = "-Onone";
				VERSIONING_SYSTEM = "apple-generic";
				VERSION_INFO_PREFIX = "";
			};
			name = Debug;
		};
		633F73AA26F3E1A600474D73 /* Release */ = {
			isa = XCBuildConfiguration;
			buildSettings = {
				ALWAYS_SEARCH_USER_PATHS = NO;
				CLANG_ANALYZER_NONNULL = YES;
				CLANG_ANALYZER_NUMBER_OBJECT_CONVERSION = YES_AGGRESSIVE;
				CLANG_CXX_LANGUAGE_STANDARD = "gnu++14";
				CLANG_CXX_LIBRARY = "libc++";
				CLANG_ENABLE_MODULES = YES;
				CLANG_ENABLE_OBJC_ARC = YES;
				CLANG_ENABLE_OBJC_WEAK = YES;
				CLANG_WARN_BLOCK_CAPTURE_AUTORELEASING = YES;
				CLANG_WARN_BOOL_CONVERSION = YES;
				CLANG_WARN_COMMA = YES;
				CLANG_WARN_CONSTANT_CONVERSION = YES;
				CLANG_WARN_DEPRECATED_OBJC_IMPLEMENTATIONS = YES;
				CLANG_WARN_DIRECT_OBJC_ISA_USAGE = YES_ERROR;
				CLANG_WARN_DOCUMENTATION_COMMENTS = YES;
				CLANG_WARN_EMPTY_BODY = YES;
				CLANG_WARN_ENUM_CONVERSION = YES;
				CLANG_WARN_INFINITE_RECURSION = YES;
				CLANG_WARN_INT_CONVERSION = YES;
				CLANG_WARN_NON_LITERAL_NULL_CONVERSION = YES;
				CLANG_WARN_OBJC_IMPLICIT_RETAIN_SELF = YES;
				CLANG_WARN_OBJC_LITERAL_CONVERSION = YES;
				CLANG_WARN_OBJC_ROOT_CLASS = YES_ERROR;
				CLANG_WARN_QUOTED_INCLUDE_IN_FRAMEWORK_HEADER = YES;
				CLANG_WARN_RANGE_LOOP_ANALYSIS = YES;
				CLANG_WARN_STRICT_PROTOTYPES = YES;
				CLANG_WARN_SUSPICIOUS_MOVE = YES;
				CLANG_WARN_UNGUARDED_AVAILABILITY = YES_AGGRESSIVE;
				CLANG_WARN_UNREACHABLE_CODE = YES;
				CLANG_WARN__DUPLICATE_METHOD_MATCH = YES;
				COPY_PHASE_STRIP = NO;
				CURRENT_PROJECT_VERSION = 1;
				DEBUG_INFORMATION_FORMAT = "dwarf-with-dsym";
				ENABLE_NS_ASSERTIONS = NO;
				ENABLE_STRICT_OBJC_MSGSEND = YES;
				GCC_C_LANGUAGE_STANDARD = gnu11;
				GCC_NO_COMMON_BLOCKS = YES;
				GCC_WARN_64_TO_32_BIT_CONVERSION = YES;
				GCC_WARN_ABOUT_RETURN_TYPE = YES_ERROR;
				GCC_WARN_UNDECLARED_SELECTOR = YES;
				GCC_WARN_UNINITIALIZED_AUTOS = YES_AGGRESSIVE;
				GCC_WARN_UNUSED_FUNCTION = YES;
				GCC_WARN_UNUSED_VARIABLE = YES;
				IPHONEOS_DEPLOYMENT_TARGET = 14.5;
				MTL_ENABLE_DEBUG_INFO = NO;
				MTL_FAST_MATH = YES;
				SDKROOT = iphoneos;
				SWIFT_COMPILATION_MODE = wholemodule;
				SWIFT_OPTIMIZATION_LEVEL = "-O";
				VALIDATE_PRODUCT = YES;
				VERSIONING_SYSTEM = "apple-generic";
				VERSION_INFO_PREFIX = "";
			};
			name = Release;
		};
		633F73AC26F3E1A600474D73 /* Debug */ = {
			isa = XCBuildConfiguration;
			buildSettings = {
				CLANG_ENABLE_MODULES = YES;
				CODE_SIGN_STYLE = Automatic;
				DEFINES_MODULE = YES;
				DEVELOPMENT_TEAM = YCB9H9BT83;
				DYLIB_COMPATIBILITY_VERSION = 1;
				DYLIB_CURRENT_VERSION = 1;
				DYLIB_INSTALL_NAME_BASE = "@rpath";
				ENABLE_BITCODE = NO;
				FRAMEWORK_SEARCH_PATHS = (
					"$(inherited)",
					"$(PROJECT_DIR)/Aries",
				);
				INFOPLIST_FILE = Aries/Info.plist;
				INSTALL_PATH = "$(LOCAL_LIBRARY_DIR)/Frameworks";
				IPHONEOS_DEPLOYMENT_TARGET = 13.6;
				LD_RUNPATH_SEARCH_PATHS = (
					"$(inherited)",
					"@executable_path/Frameworks",
					"@loader_path/Frameworks",
				);
				PRODUCT_BUNDLE_IDENTIFIER = tech.indicio.AriesMobileAgent;
				PRODUCT_NAME = "$(TARGET_NAME:c99extidentifier)";
				SKIP_INSTALL = YES;
				SWIFT_OPTIMIZATION_LEVEL = "-Onone";
				SWIFT_VERSION = 5.0;
				TARGETED_DEVICE_FAMILY = "1,2";
			};
			name = Debug;
		};
		633F73AD26F3E1A600474D73 /* Release */ = {
			isa = XCBuildConfiguration;
			buildSettings = {
				CLANG_ENABLE_MODULES = YES;
				CODE_SIGN_STYLE = Automatic;
				DEFINES_MODULE = YES;
				DEVELOPMENT_TEAM = YCB9H9BT83;
				DYLIB_COMPATIBILITY_VERSION = 1;
				DYLIB_CURRENT_VERSION = 1;
				DYLIB_INSTALL_NAME_BASE = "@rpath";
				ENABLE_BITCODE = NO;
				FRAMEWORK_SEARCH_PATHS = (
					"$(inherited)",
					"$(PROJECT_DIR)/Aries",
				);
				INFOPLIST_FILE = Aries/Info.plist;
				INSTALL_PATH = "$(LOCAL_LIBRARY_DIR)/Frameworks";
				IPHONEOS_DEPLOYMENT_TARGET = 13.6;
				LD_RUNPATH_SEARCH_PATHS = (
					"$(inherited)",
					"@executable_path/Frameworks",
					"@loader_path/Frameworks",
				);
				PRODUCT_BUNDLE_IDENTIFIER = tech.indicio.AriesMobileAgent;
				PRODUCT_NAME = "$(TARGET_NAME:c99extidentifier)";
				SKIP_INSTALL = YES;
				SWIFT_VERSION = 5.0;
				TARGETED_DEVICE_FAMILY = "1,2";
			};
			name = Release;
		};
		633F73AF26F3E1A600474D73 /* Debug */ = {
			isa = XCBuildConfiguration;
			buildSettings = {
				ALWAYS_EMBED_SWIFT_STANDARD_LIBRARIES = YES;
				"CODE_SIGN_IDENTITY[sdk=macosx*]" = "Apple Development";
				CODE_SIGN_STYLE = Automatic;
				DEVELOPMENT_TEAM = YQUAGSUXSU;
				INFOPLIST_FILE = AriesTests/Info.plist;
				LD_RUNPATH_SEARCH_PATHS = (
					"$(inherited)",
					"@executable_path/Frameworks",
					"@loader_path/Frameworks",
				);
				PRODUCT_BUNDLE_IDENTIFIER = com.slatecanyontech.dev.AriesTests;
				PRODUCT_NAME = "$(TARGET_NAME)";
				SWIFT_VERSION = 5.0;
				TARGETED_DEVICE_FAMILY = "1,2";
			};
			name = Debug;
		};
		633F73B026F3E1A600474D73 /* Release */ = {
			isa = XCBuildConfiguration;
			buildSettings = {
				ALWAYS_EMBED_SWIFT_STANDARD_LIBRARIES = YES;
				"CODE_SIGN_IDENTITY[sdk=macosx*]" = "Apple Development";
				CODE_SIGN_STYLE = Automatic;
				DEVELOPMENT_TEAM = YQUAGSUXSU;
				INFOPLIST_FILE = AriesTests/Info.plist;
				LD_RUNPATH_SEARCH_PATHS = (
					"$(inherited)",
					"@executable_path/Frameworks",
					"@loader_path/Frameworks",
				);
				PRODUCT_BUNDLE_IDENTIFIER = com.slatecanyontech.dev.AriesTests;
				PRODUCT_NAME = "$(TARGET_NAME)";
				SWIFT_VERSION = 5.0;
				TARGETED_DEVICE_FAMILY = "1,2";
			};
			name = Release;
		};
/* End XCBuildConfiguration section */

/* Begin XCConfigurationList section */
		633F739126F3E1A600474D73 /* Build configuration list for PBXProject "Aries" */ = {
			isa = XCConfigurationList;
			buildConfigurations = (
				633F73A926F3E1A600474D73 /* Debug */,
				633F73AA26F3E1A600474D73 /* Release */,
			);
			defaultConfigurationIsVisible = 0;
			defaultConfigurationName = Release;
		};
		633F73AB26F3E1A600474D73 /* Build configuration list for PBXNativeTarget "Aries" */ = {
			isa = XCConfigurationList;
			buildConfigurations = (
				633F73AC26F3E1A600474D73 /* Debug */,
				633F73AD26F3E1A600474D73 /* Release */,
			);
			defaultConfigurationIsVisible = 0;
			defaultConfigurationName = Release;
		};
		633F73AE26F3E1A600474D73 /* Build configuration list for PBXNativeTarget "AriesTests" */ = {
			isa = XCConfigurationList;
			buildConfigurations = (
				633F73AF26F3E1A600474D73 /* Debug */,
				633F73B026F3E1A600474D73 /* Release */,
			);
			defaultConfigurationIsVisible = 0;
			defaultConfigurationName = Release;
		};
/* End XCConfigurationList section */

/* Begin XCRemoteSwiftPackageReference section */
		37320E4E270E621300C34367 /* XCRemoteSwiftPackageReference "Starscream" */ = {
			isa = XCRemoteSwiftPackageReference;
			repositoryURL = "https://github.com/daltoniam/Starscream";
			requirement = {
				kind = upToNextMajorVersion;
				minimumVersion = 4.0.0;
			};
		};
/* End XCRemoteSwiftPackageReference section */

/* Begin XCSwiftPackageProductDependency section */
		37320E4F270E621300C34367 /* Starscream */ = {
			isa = XCSwiftPackageProductDependency;
			package = 37320E4E270E621300C34367 /* XCRemoteSwiftPackageReference "Starscream" */;
			productName = Starscream;
		};
/* End XCSwiftPackageProductDependency section */
	};
	rootObject = 633F738E26F3E1A600474D73 /* Project object */;
}
