// !$*UTF8*$!
{
	archiveVersion = 1;
	classes = {
	};
	objectVersion = 50;
	objects = {

/* Begin PBXBuildFile section */
		513F078D265E3BDC59A1B4CC /* Pods_LiquidAvatar.framework in Frameworks */ = {isa = PBXBuildFile; fileRef = BD42B0C579B9CFD67BCAAF9F /* Pods_LiquidAvatar.framework */; };
		63CDB3DE26BDBCC6008E0D6D /* LiquidAvatarApp.swift in Sources */ = {isa = PBXBuildFile; fileRef = 63CDB3DD26BDBCC6008E0D6D /* LiquidAvatarApp.swift */; };
		63CDB3E026BDBCC6008E0D6D /* ContentView.swift in Sources */ = {isa = PBXBuildFile; fileRef = 63CDB3DF26BDBCC6008E0D6D /* ContentView.swift */; };
		63CDB3E226BDBCC7008E0D6D /* Assets.xcassets in Resources */ = {isa = PBXBuildFile; fileRef = 63CDB3E126BDBCC7008E0D6D /* Assets.xcassets */; };
		63CDB3E526BDBCC7008E0D6D /* Preview Assets.xcassets in Resources */ = {isa = PBXBuildFile; fileRef = 63CDB3E426BDBCC7008E0D6D /* Preview Assets.xcassets */; };
		63CDB3ED26BDBD96008E0D6D /* Indy.framework in Frameworks */ = {isa = PBXBuildFile; fileRef = 63CDB3EC26BDBD96008E0D6D /* Indy.framework */; };
		63CDB3EE26BDBD96008E0D6D /* Indy.framework in Embed Frameworks */ = {isa = PBXBuildFile; fileRef = 63CDB3EC26BDBD96008E0D6D /* Indy.framework */; settings = {ATTRIBUTES = (CodeSignOnCopy, RemoveHeadersOnCopy, ); }; };
/* End PBXBuildFile section */

/* Begin PBXCopyFilesBuildPhase section */
		63CDB3EF26BDBD96008E0D6D /* Embed Frameworks */ = {
			isa = PBXCopyFilesBuildPhase;
			buildActionMask = 2147483647;
			dstPath = "";
			dstSubfolderSpec = 10;
			files = (
				63CDB3EE26BDBD96008E0D6D /* Indy.framework in Embed Frameworks */,
			);
			name = "Embed Frameworks";
			runOnlyForDeploymentPostprocessing = 0;
		};
/* End PBXCopyFilesBuildPhase section */

/* Begin PBXFileReference section */
		39DC6456AF510E45B5CF6097 /* Pods-LiquidAvatar.release.xcconfig */ = {isa = PBXFileReference; includeInIndex = 1; lastKnownFileType = text.xcconfig; name = "Pods-LiquidAvatar.release.xcconfig"; path = "Target Support Files/Pods-LiquidAvatar/Pods-LiquidAvatar.release.xcconfig"; sourceTree = "<group>"; };
		63CDB3DA26BDBCC6008E0D6D /* LiquidAvatar.app */ = {isa = PBXFileReference; explicitFileType = wrapper.application; includeInIndex = 0; path = LiquidAvatar.app; sourceTree = BUILT_PRODUCTS_DIR; };
		63CDB3DD26BDBCC6008E0D6D /* LiquidAvatarApp.swift */ = {isa = PBXFileReference; lastKnownFileType = sourcecode.swift; path = LiquidAvatarApp.swift; sourceTree = "<group>"; };
		63CDB3DF26BDBCC6008E0D6D /* ContentView.swift */ = {isa = PBXFileReference; lastKnownFileType = sourcecode.swift; path = ContentView.swift; sourceTree = "<group>"; };
		63CDB3E126BDBCC7008E0D6D /* Assets.xcassets */ = {isa = PBXFileReference; lastKnownFileType = folder.assetcatalog; path = Assets.xcassets; sourceTree = "<group>"; };
		63CDB3E426BDBCC7008E0D6D /* Preview Assets.xcassets */ = {isa = PBXFileReference; lastKnownFileType = folder.assetcatalog; path = "Preview Assets.xcassets"; sourceTree = "<group>"; };
		63CDB3E626BDBCC7008E0D6D /* Info.plist */ = {isa = PBXFileReference; lastKnownFileType = text.plist.xml; path = Info.plist; sourceTree = "<group>"; };
		63CDB3EC26BDBD96008E0D6D /* Indy.framework */ = {isa = PBXFileReference; lastKnownFileType = wrapper.framework; name = Indy.framework; path = Pods/Frameworks/Indy.framework; sourceTree = "<group>"; };
		63CDB3F026BDBF63008E0D6D /* LiquidAvatar-Bridging-Header.h */ = {isa = PBXFileReference; lastKnownFileType = sourcecode.c.h; path = "LiquidAvatar-Bridging-Header.h"; sourceTree = "<group>"; };
		BD42B0C579B9CFD67BCAAF9F /* Pods_LiquidAvatar.framework */ = {isa = PBXFileReference; explicitFileType = wrapper.framework; includeInIndex = 0; path = Pods_LiquidAvatar.framework; sourceTree = BUILT_PRODUCTS_DIR; };
		FF5F42468C9765A9417D449A /* Pods-LiquidAvatar.debug.xcconfig */ = {isa = PBXFileReference; includeInIndex = 1; lastKnownFileType = text.xcconfig; name = "Pods-LiquidAvatar.debug.xcconfig"; path = "Target Support Files/Pods-LiquidAvatar/Pods-LiquidAvatar.debug.xcconfig"; sourceTree = "<group>"; };
/* End PBXFileReference section */

/* Begin PBXFrameworksBuildPhase section */
		63CDB3D726BDBCC6008E0D6D /* Frameworks */ = {
			isa = PBXFrameworksBuildPhase;
			buildActionMask = 2147483647;
			files = (
				63CDB3ED26BDBD96008E0D6D /* Indy.framework in Frameworks */,
				513F078D265E3BDC59A1B4CC /* Pods_LiquidAvatar.framework in Frameworks */,
			);
			runOnlyForDeploymentPostprocessing = 0;
		};
/* End PBXFrameworksBuildPhase section */

/* Begin PBXGroup section */
		63CDB3D126BDBCC6008E0D6D = {
			isa = PBXGroup;
			children = (
				63CDB3DC26BDBCC6008E0D6D /* LiquidAvatar */,
				63CDB3DB26BDBCC6008E0D6D /* Products */,
				6B1183711DD91A94AFBA35B8 /* Pods */,
				D4AA46182C7A893488451BB9 /* Frameworks */,
			);
			sourceTree = "<group>";
		};
		63CDB3DB26BDBCC6008E0D6D /* Products */ = {
			isa = PBXGroup;
			children = (
				63CDB3DA26BDBCC6008E0D6D /* LiquidAvatar.app */,
			);
			name = Products;
			sourceTree = "<group>";
		};
		63CDB3DC26BDBCC6008E0D6D /* LiquidAvatar */ = {
			isa = PBXGroup;
			children = (
				63CDB3DD26BDBCC6008E0D6D /* LiquidAvatarApp.swift */,
				63CDB3DF26BDBCC6008E0D6D /* ContentView.swift */,
				63CDB3E126BDBCC7008E0D6D /* Assets.xcassets */,
				63CDB3E626BDBCC7008E0D6D /* Info.plist */,
				63CDB3E326BDBCC7008E0D6D /* Preview Content */,
				63CDB3F026BDBF63008E0D6D /* LiquidAvatar-Bridging-Header.h */,
			);
			path = LiquidAvatar;
			sourceTree = "<group>";
		};
		63CDB3E326BDBCC7008E0D6D /* Preview Content */ = {
			isa = PBXGroup;
			children = (
				63CDB3E426BDBCC7008E0D6D /* Preview Assets.xcassets */,
			);
			path = "Preview Content";
			sourceTree = "<group>";
		};
		6B1183711DD91A94AFBA35B8 /* Pods */ = {
			isa = PBXGroup;
			children = (
				FF5F42468C9765A9417D449A /* Pods-LiquidAvatar.debug.xcconfig */,
				39DC6456AF510E45B5CF6097 /* Pods-LiquidAvatar.release.xcconfig */,
			);
			path = Pods;
			sourceTree = "<group>";
		};
		D4AA46182C7A893488451BB9 /* Frameworks */ = {
			isa = PBXGroup;
			children = (
				63CDB3EC26BDBD96008E0D6D /* Indy.framework */,
				BD42B0C579B9CFD67BCAAF9F /* Pods_LiquidAvatar.framework */,
			);
			name = Frameworks;
			sourceTree = "<group>";
		};
/* End PBXGroup section */

/* Begin PBXNativeTarget section */
		63CDB3D926BDBCC6008E0D6D /* LiquidAvatar */ = {
			isa = PBXNativeTarget;
			buildConfigurationList = 63CDB3E926BDBCC7008E0D6D /* Build configuration list for PBXNativeTarget "LiquidAvatar" */;
			buildPhases = (
				61F4145C0C3E212A6293C099 /* [CP] Check Pods Manifest.lock */,
				63CDB3D626BDBCC6008E0D6D /* Sources */,
				63CDB3D726BDBCC6008E0D6D /* Frameworks */,
				63CDB3D826BDBCC6008E0D6D /* Resources */,
				63CDB3EF26BDBD96008E0D6D /* Embed Frameworks */,
			);
			buildRules = (
			);
			dependencies = (
			);
			name = LiquidAvatar;
			productName = LiquidAvatar;
			productReference = 63CDB3DA26BDBCC6008E0D6D /* LiquidAvatar.app */;
			productType = "com.apple.product-type.application";
		};
/* End PBXNativeTarget section */

/* Begin PBXProject section */
		63CDB3D226BDBCC6008E0D6D /* Project object */ = {
			isa = PBXProject;
			attributes = {
				LastSwiftUpdateCheck = 1250;
				LastUpgradeCheck = 1250;
				TargetAttributes = {
					63CDB3D926BDBCC6008E0D6D = {
						CreatedOnToolsVersion = 12.5.1;
						LastSwiftMigration = 1250;
					};
				};
			};
			buildConfigurationList = 63CDB3D526BDBCC6008E0D6D /* Build configuration list for PBXProject "LiquidAvatar" */;
			compatibilityVersion = "Xcode 9.3";
			developmentRegion = en;
			hasScannedForEncodings = 0;
			knownRegions = (
				en,
				Base,
			);
			mainGroup = 63CDB3D126BDBCC6008E0D6D;
			productRefGroup = 63CDB3DB26BDBCC6008E0D6D /* Products */;
			projectDirPath = "";
			projectRoot = "";
			targets = (
				63CDB3D926BDBCC6008E0D6D /* LiquidAvatar */,
			);
		};
/* End PBXProject section */

/* Begin PBXResourcesBuildPhase section */
		63CDB3D826BDBCC6008E0D6D /* Resources */ = {
			isa = PBXResourcesBuildPhase;
			buildActionMask = 2147483647;
			files = (
				63CDB3E526BDBCC7008E0D6D /* Preview Assets.xcassets in Resources */,
				63CDB3E226BDBCC7008E0D6D /* Assets.xcassets in Resources */,
			);
			runOnlyForDeploymentPostprocessing = 0;
		};
/* End PBXResourcesBuildPhase section */

/* Begin PBXShellScriptBuildPhase section */
		61F4145C0C3E212A6293C099 /* [CP] Check Pods Manifest.lock */ = {
			isa = PBXShellScriptBuildPhase;
			buildActionMask = 2147483647;
			files = (
			);
			inputFileListPaths = (
			);
			inputPaths = (
				"${PODS_PODFILE_DIR_PATH}/Podfile.lock",
				"${PODS_ROOT}/Manifest.lock",
			);
			name = "[CP] Check Pods Manifest.lock";
			outputFileListPaths = (
			);
			outputPaths = (
				"$(DERIVED_FILE_DIR)/Pods-LiquidAvatar-checkManifestLockResult.txt",
			);
			runOnlyForDeploymentPostprocessing = 0;
			shellPath = /bin/sh;
			shellScript = "diff \"${PODS_PODFILE_DIR_PATH}/Podfile.lock\" \"${PODS_ROOT}/Manifest.lock\" > /dev/null\nif [ $? != 0 ] ; then\n    # print error to STDERR\n    echo \"error: The sandbox is not in sync with the Podfile.lock. Run 'pod install' or update your CocoaPods installation.\" >&2\n    exit 1\nfi\n# This output is used by Xcode 'outputs' to avoid re-running this script phase.\necho \"SUCCESS\" > \"${SCRIPT_OUTPUT_FILE_0}\"\n";
			showEnvVarsInLog = 0;
		};
/* End PBXShellScriptBuildPhase section */

/* Begin PBXSourcesBuildPhase section */
		63CDB3D626BDBCC6008E0D6D /* Sources */ = {
			isa = PBXSourcesBuildPhase;
			buildActionMask = 2147483647;
			files = (
				63CDB3E026BDBCC6008E0D6D /* ContentView.swift in Sources */,
				63CDB3DE26BDBCC6008E0D6D /* LiquidAvatarApp.swift in Sources */,
			);
			runOnlyForDeploymentPostprocessing = 0;
		};
/* End PBXSourcesBuildPhase section */

/* Begin XCBuildConfiguration section */
		63CDB3E726BDBCC7008E0D6D /* Debug */ = {
			isa = XCBuildConfiguration;
			buildSettings = {
				ALWAYS_SEARCH_USER_PATHS = NO;
				CLANG_ANALYZER_NONNULL = YES;
				CLANG_ANALYZER_NUMBER_OBJECT_CONVERSION = YES_AGGRESSIVE;
				CLANG_CXX_LANGUAGE_STANDARD = "gnu++14";
				CLANG_CXX_LIBRARY = "libc++";
				CLANG_ENABLE_MODULES = YES;
				CLANG_ENABLE_OBJC_ARC = YES;
				CLANG_ENABLE_OBJC_WEAK = YES;
				CLANG_WARN_BLOCK_CAPTURE_AUTORELEASING = YES;
				CLANG_WARN_BOOL_CONVERSION = YES;
				CLANG_WARN_COMMA = YES;
				CLANG_WARN_CONSTANT_CONVERSION = YES;
				CLANG_WARN_DEPRECATED_OBJC_IMPLEMENTATIONS = YES;
				CLANG_WARN_DIRECT_OBJC_ISA_USAGE = YES_ERROR;
				CLANG_WARN_DOCUMENTATION_COMMENTS = YES;
				CLANG_WARN_EMPTY_BODY = YES;
				CLANG_WARN_ENUM_CONVERSION = YES;
				CLANG_WARN_INFINITE_RECURSION = YES;
				CLANG_WARN_INT_CONVERSION = YES;
				CLANG_WARN_NON_LITERAL_NULL_CONVERSION = YES;
				CLANG_WARN_OBJC_IMPLICIT_RETAIN_SELF = YES;
				CLANG_WARN_OBJC_LITERAL_CONVERSION = YES;
				CLANG_WARN_OBJC_ROOT_CLASS = YES_ERROR;
				CLANG_WARN_QUOTED_INCLUDE_IN_FRAMEWORK_HEADER = YES;
				CLANG_WARN_RANGE_LOOP_ANALYSIS = YES;
				CLANG_WARN_STRICT_PROTOTYPES = YES;
				CLANG_WARN_SUSPICIOUS_MOVE = YES;
				CLANG_WARN_UNGUARDED_AVAILABILITY = YES_AGGRESSIVE;
				CLANG_WARN_UNREACHABLE_CODE = YES;
				CLANG_WARN__DUPLICATE_METHOD_MATCH = YES;
				COPY_PHASE_STRIP = NO;
				DEBUG_INFORMATION_FORMAT = dwarf;
				ENABLE_STRICT_OBJC_MSGSEND = YES;
				ENABLE_TESTABILITY = YES;
				GCC_C_LANGUAGE_STANDARD = gnu11;
				GCC_DYNAMIC_NO_PIC = NO;
				GCC_NO_COMMON_BLOCKS = YES;
				GCC_OPTIMIZATION_LEVEL = 0;
				GCC_PREPROCESSOR_DEFINITIONS = (
					"DEBUG=1",
					"$(inherited)",
				);
				GCC_WARN_64_TO_32_BIT_CONVERSION = YES;
				GCC_WARN_ABOUT_RETURN_TYPE = YES_ERROR;
				GCC_WARN_UNDECLARED_SELECTOR = YES;
				GCC_WARN_UNINITIALIZED_AUTOS = YES_AGGRESSIVE;
				GCC_WARN_UNUSED_FUNCTION = YES;
				GCC_WARN_UNUSED_VARIABLE = YES;
				IPHONEOS_DEPLOYMENT_TARGET = 14.5;
				MTL_ENABLE_DEBUG_INFO = INCLUDE_SOURCE;
				MTL_FAST_MATH = YES;
				ONLY_ACTIVE_ARCH = YES;
				SDKROOT = iphoneos;
				SWIFT_ACTIVE_COMPILATION_CONDITIONS = DEBUG;
				SWIFT_OPTIMIZATION_LEVEL = "-Onone";
			};
			name = Debug;
		};
		63CDB3E826BDBCC7008E0D6D /* Release */ = {
			isa = XCBuildConfiguration;
			buildSettings = {
				ALWAYS_SEARCH_USER_PATHS = NO;
				CLANG_ANALYZER_NONNULL = YES;
				CLANG_ANALYZER_NUMBER_OBJECT_CONVERSION = YES_AGGRESSIVE;
				CLANG_CXX_LANGUAGE_STANDARD = "gnu++14";
				CLANG_CXX_LIBRARY = "libc++";
				CLANG_ENABLE_MODULES = YES;
				CLANG_ENABLE_OBJC_ARC = YES;
				CLANG_ENABLE_OBJC_WEAK = YES;
				CLANG_WARN_BLOCK_CAPTURE_AUTORELEASING = YES;
				CLANG_WARN_BOOL_CONVERSION = YES;
				CLANG_WARN_COMMA = YES;
				CLANG_WARN_CONSTANT_CONVERSION = YES;
				CLANG_WARN_DEPRECATED_OBJC_IMPLEMENTATIONS = YES;
				CLANG_WARN_DIRECT_OBJC_ISA_USAGE = YES_ERROR;
				CLANG_WARN_DOCUMENTATION_COMMENTS = YES;
				CLANG_WARN_EMPTY_BODY = YES;
				CLANG_WARN_ENUM_CONVERSION = YES;
				CLANG_WARN_INFINITE_RECURSION = YES;
				CLANG_WARN_INT_CONVERSION = YES;
				CLANG_WARN_NON_LITERAL_NULL_CONVERSION = YES;
				CLANG_WARN_OBJC_IMPLICIT_RETAIN_SELF = YES;
				CLANG_WARN_OBJC_LITERAL_CONVERSION = YES;
				CLANG_WARN_OBJC_ROOT_CLASS = YES_ERROR;
				CLANG_WARN_QUOTED_INCLUDE_IN_FRAMEWORK_HEADER = YES;
				CLANG_WARN_RANGE_LOOP_ANALYSIS = YES;
				CLANG_WARN_STRICT_PROTOTYPES = YES;
				CLANG_WARN_SUSPICIOUS_MOVE = YES;
				CLANG_WARN_UNGUARDED_AVAILABILITY = YES_AGGRESSIVE;
				CLANG_WARN_UNREACHABLE_CODE = YES;
				CLANG_WARN__DUPLICATE_METHOD_MATCH = YES;
				COPY_PHASE_STRIP = NO;
				DEBUG_INFORMATION_FORMAT = "dwarf-with-dsym";
				ENABLE_NS_ASSERTIONS = NO;
				ENABLE_STRICT_OBJC_MSGSEND = YES;
				GCC_C_LANGUAGE_STANDARD = gnu11;
				GCC_NO_COMMON_BLOCKS = YES;
				GCC_WARN_64_TO_32_BIT_CONVERSION = YES;
				GCC_WARN_ABOUT_RETURN_TYPE = YES_ERROR;
				GCC_WARN_UNDECLARED_SELECTOR = YES;
				GCC_WARN_UNINITIALIZED_AUTOS = YES_AGGRESSIVE;
				GCC_WARN_UNUSED_FUNCTION = YES;
				GCC_WARN_UNUSED_VARIABLE = YES;
				IPHONEOS_DEPLOYMENT_TARGET = 14.5;
				MTL_ENABLE_DEBUG_INFO = NO;
				MTL_FAST_MATH = YES;
				SDKROOT = iphoneos;
				SWIFT_COMPILATION_MODE = wholemodule;
				SWIFT_OPTIMIZATION_LEVEL = "-O";
				VALIDATE_PRODUCT = YES;
			};
			name = Release;
		};
		63CDB3EA26BDBCC7008E0D6D /* Debug */ = {
			isa = XCBuildConfiguration;
			baseConfigurationReference = FF5F42468C9765A9417D449A /* Pods-LiquidAvatar.debug.xcconfig */;
			buildSettings = {
				ASSETCATALOG_COMPILER_APPICON_NAME = AppIcon;
				ASSETCATALOG_COMPILER_GLOBAL_ACCENT_COLOR_NAME = AccentColor;
				CLANG_ENABLE_MODULES = YES;
				CODE_SIGN_STYLE = Automatic;
				DEVELOPMENT_ASSET_PATHS = "\"LiquidAvatar/Preview Content\"";
				DEVELOPMENT_TEAM = YQUAGSUXSU;
				ENABLE_BITCODE = NO;
				ENABLE_PREVIEWS = YES;
				FRAMEWORK_SEARCH_PATHS = (
					"$(inherited)",
					"$(PROJECT_DIR)/Pods/Frameworks",
				);
				INFOPLIST_FILE = LiquidAvatar/Info.plist;
				IPHONEOS_DEPLOYMENT_TARGET = 14.0;
				LD_RUNPATH_SEARCH_PATHS = (
					"$(inherited)",
					"@executable_path/Frameworks",
				);
				PRODUCT_BUNDLE_IDENTIFIER = com.slatecanyontech.dev.LiquidAvatar;
				PRODUCT_NAME = "$(TARGET_NAME)";
				SWIFT_OBJC_BRIDGING_HEADER = "LiquidAvatar/LiquidAvatar-Bridging-Header.h";
				SWIFT_OPTIMIZATION_LEVEL = "-Onone";
				SWIFT_VERSION = 5.0;
				TARGETED_DEVICE_FAMILY = "1,2";
			};
			name = Debug;
		};
		63CDB3EB26BDBCC7008E0D6D /* Release */ = {
			isa = XCBuildConfiguration;
			baseConfigurationReference = 39DC6456AF510E45B5CF6097 /* Pods-LiquidAvatar.release.xcconfig */;
			buildSettings = {
				ASSETCATALOG_COMPILER_APPICON_NAME = AppIcon;
				ASSETCATALOG_COMPILER_GLOBAL_ACCENT_COLOR_NAME = AccentColor;
				CLANG_ENABLE_MODULES = YES;
				CODE_SIGN_STYLE = Automatic;
				DEVELOPMENT_ASSET_PATHS = "\"LiquidAvatar/Preview Content\"";
				DEVELOPMENT_TEAM = YQUAGSUXSU;
				ENABLE_BITCODE = NO;
				ENABLE_PREVIEWS = YES;
				FRAMEWORK_SEARCH_PATHS = (
					"$(inherited)",
					"$(PROJECT_DIR)/Pods/Frameworks",
				);
				INFOPLIST_FILE = LiquidAvatar/Info.plist;
				IPHONEOS_DEPLOYMENT_TARGET = 14.0;
				LD_RUNPATH_SEARCH_PATHS = (
					"$(inherited)",
					"@executable_path/Frameworks",
				);
				PRODUCT_BUNDLE_IDENTIFIER = com.slatecanyontech.dev.LiquidAvatar;
				PRODUCT_NAME = "$(TARGET_NAME)";
				SWIFT_OBJC_BRIDGING_HEADER = "LiquidAvatar/LiquidAvatar-Bridging-Header.h";
				SWIFT_VERSION = 5.0;
				TARGETED_DEVICE_FAMILY = "1,2";
			};
			name = Release;
		};
/* End XCBuildConfiguration section */

/* Begin XCConfigurationList section */
		63CDB3D526BDBCC6008E0D6D /* Build configuration list for PBXProject "LiquidAvatar" */ = {
			isa = XCConfigurationList;
			buildConfigurations = (
				63CDB3E726BDBCC7008E0D6D /* Debug */,
				63CDB3E826BDBCC7008E0D6D /* Release */,
			);
			defaultConfigurationIsVisible = 0;
			defaultConfigurationName = Release;
		};
		63CDB3E926BDBCC7008E0D6D /* Build configuration list for PBXNativeTarget "LiquidAvatar" */ = {
			isa = XCConfigurationList;
			buildConfigurations = (
				63CDB3EA26BDBCC7008E0D6D /* Debug */,
				63CDB3EB26BDBCC7008E0D6D /* Release */,
			);
			defaultConfigurationIsVisible = 0;
			defaultConfigurationName = Release;
		};
/* End XCConfigurationList section */
	};
	rootObject = 63CDB3D226BDBCC6008E0D6D /* Project object */;
}
